<?xml version="1.0" encoding="utf-8"?>
<Project ToolsVersion="4.0" xmlns="http://schemas.microsoft.com/developer/msbuild/2003">
  <ItemGroup>
    <Filter Include="Source Files">
      <UniqueIdentifier>{01dcd689-4b34-467e-862d-76279c7cfd04}</UniqueIdentifier>
      <Extensions>cpp;c;cxx;rc;def;r;odl;idl;hpj;bat</Extensions>
    </Filter>
    <Filter Include="Source Files\FileSystem">
      <UniqueIdentifier>{9f5250c9-f37a-4dd6-a62b-b2fbdab8c8e3}</UniqueIdentifier>
    </Filter>
    <Filter Include="Source Files\Materials">
      <UniqueIdentifier>{24a33fb5-d9c7-4a61-a530-5b017c478119}</UniqueIdentifier>
    </Filter>
    <Filter Include="Source Files\Drivers">
      <UniqueIdentifier>{e50c51b8-890e-44c9-aa86-2e5404ef12bd}</UniqueIdentifier>
    </Filter>
    <Filter Include="Source Files\Drivers\D3D9">
      <UniqueIdentifier>{03837ae4-00c0-4ffa-b7b4-b5e7ed5e5a5a}</UniqueIdentifier>
    </Filter>
    <Filter Include="Source Files\Drivers\D3D9\Materials">
      <UniqueIdentifier>{ae409adc-74bc-4706-bb88-555a7cb6ddde}</UniqueIdentifier>
    </Filter>
    <Filter Include="Source Files\Drivers\D3D9\Shaders">
      <UniqueIdentifier>{7e31fee7-f3fc-41fa-a6b9-03d822c646c0}</UniqueIdentifier>
    </Filter>
    <Filter Include="Source Files\Drivers\DC">
      <UniqueIdentifier>{614a664a-bdb7-4792-bb0e-c7acfc7d8f98}</UniqueIdentifier>
    </Filter>
    <Filter Include="Source Files\Drivers\DC\Materials">
      <UniqueIdentifier>{5746e993-b5fe-48a0-b489-a241722eb4da}</UniqueIdentifier>
    </Filter>
    <Filter Include="Source Files\Drivers\GC">
      <UniqueIdentifier>{dc573a54-4f90-4648-bcc2-67dfdb73e52d}</UniqueIdentifier>
    </Filter>
    <Filter Include="Source Files\Drivers\GC\Materials">
      <UniqueIdentifier>{bdcc503c-668a-4aac-baab-b822f2d96f8f}</UniqueIdentifier>
    </Filter>
    <Filter Include="Source Files\Drivers\Linux">
      <UniqueIdentifier>{8754caa9-2a44-4198-ad12-0aecb9cc11f5}</UniqueIdentifier>
    </Filter>
    <Filter Include="Source Files\Drivers\Misc">
      <UniqueIdentifier>{64f40872-0c1a-4134-807b-0880e8430c63}</UniqueIdentifier>
    </Filter>
    <Filter Include="Source Files\Drivers\Null">
      <UniqueIdentifier>{ea1dd003-3316-4b7a-82ea-691a3a248882}</UniqueIdentifier>
    </Filter>
    <Filter Include="Source Files\Drivers\Null\Materials">
      <UniqueIdentifier>{99b4f6d4-7d85-4e74-8827-235ea26d2fb6}</UniqueIdentifier>
    </Filter>
    <Filter Include="Source Files\Drivers\OpenGL">
      <UniqueIdentifier>{18f94f92-0e93-4b88-b2e9-97ce282328eb}</UniqueIdentifier>
    </Filter>
    <Filter Include="Source Files\Drivers\OpenGL\Materials">
      <UniqueIdentifier>{06d80688-9c93-42f4-8a65-305ea285212f}</UniqueIdentifier>
    </Filter>
    <Filter Include="Source Files\Drivers\OSX">
      <UniqueIdentifier>{cbd1218f-b23d-4229-9805-fa21be661770}</UniqueIdentifier>
    </Filter>
    <Filter Include="Source Files\Drivers\PC">
      <UniqueIdentifier>{96db6ae1-1974-47de-bd4a-b4fec46cae3d}</UniqueIdentifier>
    </Filter>
    <Filter Include="Source Files\Drivers\PS2">
      <UniqueIdentifier>{13f2f175-5135-4fb9-b51a-cf1bb747a3b8}</UniqueIdentifier>
    </Filter>
    <Filter Include="Source Files\Drivers\PS2\Materials">
      <UniqueIdentifier>{6096b1d8-6977-4399-b24c-7de12ba88611}</UniqueIdentifier>
    </Filter>
    <Filter Include="Source Files\Drivers\PSP">
      <UniqueIdentifier>{6f98dcf6-539b-40df-b5c6-c7327576066b}</UniqueIdentifier>
    </Filter>
    <Filter Include="Source Files\Drivers\PSP\Materials">
      <UniqueIdentifier>{0ae70741-d5f9-41b8-baff-0a15736f03b3}</UniqueIdentifier>
    </Filter>
    <Filter Include="Source Files\Drivers\SDL">
      <UniqueIdentifier>{8c8d57ac-a53f-4971-b129-5b6151247fa7}</UniqueIdentifier>
    </Filter>
    <Filter Include="Source Files\Drivers\WIN32">
      <UniqueIdentifier>{46c1860c-a6f5-4405-87fa-c470a1ea6429}</UniqueIdentifier>
    </Filter>
    <Filter Include="Source Files\Drivers\X11">
      <UniqueIdentifier>{4d91be6f-40ad-43bb-9d8c-fd40c4df4cb6}</UniqueIdentifier>
    </Filter>
    <Filter Include="Source Files\Drivers\XBox">
      <UniqueIdentifier>{da327987-b1b5-4771-aac5-d3bf1112590d}</UniqueIdentifier>
    </Filter>
    <Filter Include="Source Files\Drivers\XBox\Materials">
      <UniqueIdentifier>{673b9b98-712a-4097-86be-7bf91df65341}</UniqueIdentifier>
    </Filter>
    <Filter Include="Source Files\Drivers\XBox\VertexShaders">
      <UniqueIdentifier>{a006e499-8bf4-4e73-9c8f-34e2b29a0ea0}</UniqueIdentifier>
    </Filter>
    <Filter Include="Source Files\Drivers\Wii">
      <UniqueIdentifier>{cac000a9-8492-4b8a-b88f-b438b8fdbacf}</UniqueIdentifier>
    </Filter>
    <Filter Include="Source Files\Drivers\Plugin">
      <UniqueIdentifier>{6eb2db4e-18a2-471e-9e9d-f1b2511492bf}</UniqueIdentifier>
    </Filter>
    <Filter Include="Source Files\Drivers\Plugin\Materials">
      <UniqueIdentifier>{29c63cd4-019e-4453-810a-d0409d1429de}</UniqueIdentifier>
    </Filter>
    <Filter Include="Source Files\Images">
      <UniqueIdentifier>{f2c043e7-01c9-413e-b726-62dda82ad5b5}</UniqueIdentifier>
    </Filter>
    <Filter Include="Source Files\Images\DC">
      <UniqueIdentifier>{39055ea9-71c7-4534-b5ba-c16cfaad6e15}</UniqueIdentifier>
    </Filter>
    <Filter Include="Source Files\Images\GC">
      <UniqueIdentifier>{88b144d5-40a2-44fb-9aca-0cd7ba48535c}</UniqueIdentifier>
    </Filter>
    <Filter Include="Source Files\Images\LINUX">
      <UniqueIdentifier>{fa6960f0-4536-4e25-ab9f-968098f4c405}</UniqueIdentifier>
    </Filter>
    <Filter Include="Source Files\Images\OSX">
      <UniqueIdentifier>{11ff8dcf-dcbf-4a39-abe7-3ba4b5c70421}</UniqueIdentifier>
    </Filter>
    <Filter Include="Source Files\Images\PS2">
      <UniqueIdentifier>{874a3d11-4854-4c15-a02e-cfceb40f4610}</UniqueIdentifier>
    </Filter>
    <Filter Include="Source Files\Images\PSP">
      <UniqueIdentifier>{b7492821-927a-49ee-b68a-ba31e8397651}</UniqueIdentifier>
    </Filter>
    <Filter Include="Source Files\Images\WINDOWS">
      <UniqueIdentifier>{5641a5a5-9ffc-4bcb-b2dc-4b91de2ed131}</UniqueIdentifier>
    </Filter>
    <Filter Include="Source Files\Images\XBOX">
      <UniqueIdentifier>{42d707f6-49a5-41e2-9d88-a0d53e2fc4a3}</UniqueIdentifier>
    </Filter>
    <Filter Include="Source Files\Util">
      <UniqueIdentifier>{9e36fe30-5898-463a-a537-267c72b53b2d}</UniqueIdentifier>
    </Filter>
    <Filter Include="Source Files\Asset">
      <UniqueIdentifier>{9dd2030b-f988-4fef-bd92-0250e54a1542}</UniqueIdentifier>
    </Filter>
    <Filter Include="Header Files">
      <UniqueIdentifier>{25c11d47-da0c-4c08-bb61-df9f3e836782}</UniqueIdentifier>
      <Extensions>h;hpp;hxx;hm;inl</Extensions>
    </Filter>
    <Filter Include="Header Files\FileSystem">
      <UniqueIdentifier>{9ff6e565-468f-4bd2-a611-a9fbe296fa05}</UniqueIdentifier>
    </Filter>
    <Filter Include="Header Files\Util">
      <UniqueIdentifier>{a0424744-0d84-41b8-aa60-95248d7eb5c8}</UniqueIdentifier>
    </Filter>
    <Filter Include="Header Files\Asset">
      <UniqueIdentifier>{8dc6674c-2504-480c-9eb4-b8936becc799}</UniqueIdentifier>
    </Filter>
    <Filter Include="Middleware">
      <UniqueIdentifier>{571fcb60-f015-46a1-add8-839cb50b6a54}</UniqueIdentifier>
    </Filter>
    <Filter Include="Middleware\zlib">
      <UniqueIdentifier>{90b4c10c-485b-4c0f-a702-218c60c47a13}</UniqueIdentifier>
    </Filter>
    <Filter Include="Middleware\zlib\minizip">
      <UniqueIdentifier>{9e142d75-29d5-4d0c-8230-7ee7df766bff}</UniqueIdentifier>
    </Filter>
    <Filter Include="Middleware\angelscript">
      <UniqueIdentifier>{b075ee61-6489-441f-86e7-ab34e2194328}</UniqueIdentifier>
    </Filter>
    <Filter Include="Middleware\angelscript\scriptstring">
      <UniqueIdentifier>{f2c7343d-3fa4-49b6-a087-a84e2d4b0709}</UniqueIdentifier>
    </Filter>
    <Filter Include="Middleware\tinyxml">
      <UniqueIdentifier>{c3405c6a-008c-4573-887d-4972f91182aa}</UniqueIdentifier>
    </Filter>
    <Filter Include="Middleware\minifmod170">
      <UniqueIdentifier>{ea4d48dd-870a-4d9a-ac84-e6d0c0891f3a}</UniqueIdentifier>
    </Filter>
    <Filter Include="Middleware\libjson">
      <UniqueIdentifier>{35a642ab-57ed-4774-aa4a-1df474ddc352}</UniqueIdentifier>
    </Filter>
    <Filter Include="Middleware\libjson\Source">
      <UniqueIdentifier>{721f17fc-c606-48ad-b162-c20806e58670}</UniqueIdentifier>
    </Filter>
    <Filter Include="Middleware\libpng-1.5.0">
      <UniqueIdentifier>{462f3e10-fc37-4179-ac99-c2086a1b4c57}</UniqueIdentifier>
    </Filter>
    <Filter Include="Source Files\Drivers\D3D11">
      <UniqueIdentifier>{ef639f61-a235-452a-9a8e-739c110ff936}</UniqueIdentifier>
    </Filter>
    <Filter Include="Source Files\Drivers\D3D11\Materials">
      <UniqueIdentifier>{768cb77f-c800-44d8-a6c3-e429799ba290}</UniqueIdentifier>
    </Filter>
    <Filter Include="Source Files\Drivers\OpenCL">
      <UniqueIdentifier>{5765a936-5bb9-4902-a9a8-85237a08e23a}</UniqueIdentifier>
    </Filter>
  </ItemGroup>
  <ItemGroup>
    <ClCompile Include="Source\DebugMenu.cpp">
      <Filter>Source Files</Filter>
    </ClCompile>
    <ClCompile Include="Source\Image.cpp">
      <Filter>Source Files</Filter>
    </ClCompile>
    <ClCompile Include="Source\MFAnimation.cpp">
      <Filter>Source Files</Filter>
    </ClCompile>
    <ClCompile Include="Source\MFAnimScript.cpp">
      <Filter>Source Files</Filter>
    </ClCompile>
    <ClCompile Include="Source\MFBoundingVolume.cpp">
      <Filter>Source Files</Filter>
    </ClCompile>
    <ClCompile Include="Source\MFCallstack.cpp">
      <Filter>Source Files</Filter>
    </ClCompile>
    <ClCompile Include="Source\MFCollision.cpp">
      <Filter>Source Files</Filter>
    </ClCompile>
    <ClCompile Include="Source\MFCommandLine.cpp">
      <Filter>Source Files</Filter>
    </ClCompile>
    <ClCompile Include="Source\MFDebug.cpp">
      <Filter>Source Files</Filter>
    </ClCompile>
    <ClCompile Include="Source\MFDisplay.cpp">
      <Filter>Source Files</Filter>
    </ClCompile>
    <ClCompile Include="Source\MFFileSystem.cpp">
      <Filter>Source Files</Filter>
    </ClCompile>
    <ClCompile Include="Source\MFFont.cpp">
      <Filter>Source Files</Filter>
    </ClCompile>
    <ClCompile Include="Source\MFHeap.cpp">
      <Filter>Source Files</Filter>
    </ClCompile>
    <ClCompile Include="Source\MFIni.cpp">
      <Filter>Source Files</Filter>
    </ClCompile>
    <ClCompile Include="Source\MFInput.cpp">
      <Filter>Source Files</Filter>
    </ClCompile>
    <ClCompile Include="Source\MFMain.cpp">
      <Filter>Source Files</Filter>
    </ClCompile>
    <ClCompile Include="Source\MFMaterial.cpp">
      <Filter>Source Files</Filter>
    </ClCompile>
    <ClCompile Include="Source\MFMath.cpp">
      <Filter>Source Files</Filter>
    </ClCompile>
    <ClCompile Include="Source\MFMatrix.cpp">
      <Filter>Source Files</Filter>
    </ClCompile>
    <ClCompile Include="Source\MFMesh.cpp">
      <Filter>Source Files</Filter>
    </ClCompile>
    <ClCompile Include="Source\MFModel.cpp">
      <Filter>Source Files</Filter>
    </ClCompile>
    <ClCompile Include="Source\MFNetwork.cpp">
      <Filter>Source Files</Filter>
    </ClCompile>
    <ClCompile Include="Source\MFObjectPool.cpp">
      <Filter>Source Files</Filter>
    </ClCompile>
    <ClCompile Include="Source\MFPoolHeap.cpp">
      <Filter>Source Files</Filter>
    </ClCompile>
    <ClCompile Include="Source\MFPrimitive.cpp">
      <Filter>Source Files</Filter>
    </ClCompile>
    <ClCompile Include="Source\MFQuaternion.cpp">
      <Filter>Source Files</Filter>
    </ClCompile>
    <ClCompile Include="Source\MFRenderer.cpp">
      <Filter>Source Files</Filter>
    </ClCompile>
    <ClCompile Include="Source\MFScript.cpp">
      <Filter>Source Files</Filter>
    </ClCompile>
    <ClCompile Include="Source\MFScript_Pawn.cpp">
      <Filter>Source Files</Filter>
    </ClCompile>
    <ClCompile Include="Source\MFScript_Registration.cpp">
      <Filter>Source Files</Filter>
    </ClCompile>
    <ClCompile Include="Source\MFSockets.cpp">
      <Filter>Source Files</Filter>
    </ClCompile>
    <ClCompile Include="Source\MFSound.cpp">
      <Filter>Source Files</Filter>
    </ClCompile>
    <ClCompile Include="Source\MFSound_MAD.cpp">
      <Filter>Source Files</Filter>
    </ClCompile>
    <ClCompile Include="Source\MFSound_MiniFMOD.cpp">
      <Filter>Source Files</Filter>
    </ClCompile>
    <ClCompile Include="Source\MFSound_PSPAudioCodec.cpp">
      <Filter>Source Files</Filter>
    </ClCompile>
    <ClCompile Include="Source\MFSound_Vorbis.cpp">
      <Filter>Source Files</Filter>
    </ClCompile>
    <ClCompile Include="Source\MFSound_WAV.cpp">
      <Filter>Source Files</Filter>
    </ClCompile>
    <ClCompile Include="Source\MFString.cpp">
      <Filter>Source Files</Filter>
    </ClCompile>
    <ClCompile Include="Source\MFStringCache.cpp">
      <Filter>Source Files</Filter>
    </ClCompile>
    <ClCompile Include="Source\MFSystem.cpp">
      <Filter>Source Files</Filter>
    </ClCompile>
    <ClCompile Include="Source\MFTexture.cpp">
      <Filter>Source Files</Filter>
    </ClCompile>
    <ClCompile Include="Source\MFTextureUtil.cpp">
      <Filter>Source Files</Filter>
    </ClCompile>
    <ClCompile Include="Source\MFTranslation.cpp">
      <Filter>Source Files</Filter>
    </ClCompile>
    <ClCompile Include="Source\MFVector.cpp">
      <Filter>Source Files</Filter>
    </ClCompile>
    <ClCompile Include="Source\MFVertex.cpp">
      <Filter>Source Files</Filter>
    </ClCompile>
    <ClCompile Include="Source\MFView.cpp">
      <Filter>Source Files</Filter>
    </ClCompile>
    <ClCompile Include="Source\Sprite.cpp">
      <Filter>Source Files</Filter>
    </ClCompile>
    <ClCompile Include="Source\Timer.cpp">
      <Filter>Source Files</Filter>
    </ClCompile>
    <ClCompile Include="Source\Util.cpp">
      <Filter>Source Files</Filter>
    </ClCompile>
    <ClCompile Include="Source\FileSystem\MFFileSystemCachedFile.cpp">
      <Filter>Source Files\FileSystem</Filter>
    </ClCompile>
    <ClCompile Include="Source\FileSystem\MFFileSystemHTTP.cpp">
      <Filter>Source Files\FileSystem</Filter>
    </ClCompile>
    <ClCompile Include="Source\FileSystem\MFFileSystemMemory.cpp">
      <Filter>Source Files\FileSystem</Filter>
    </ClCompile>
    <ClCompile Include="Source\FileSystem\MFFileSystemNative.cpp">
      <Filter>Source Files\FileSystem</Filter>
    </ClCompile>
    <ClCompile Include="Source\FileSystem\MFFileSystemZipFile.cpp">
      <Filter>Source Files\FileSystem</Filter>
    </ClCompile>
    <ClCompile Include="Source\Materials\MFMat_Effect.cpp">
      <Filter>Source Files\Materials</Filter>
    </ClCompile>
    <ClCompile Include="Source\Materials\MFMat_Standard.cpp">
      <Filter>Source Files\Materials</Filter>
    </ClCompile>
    <ClCompile Include="Source\Drivers\D3d9\MFMaterial_D3D9.cpp">
      <Filter>Source Files\Drivers\D3D9</Filter>
    </ClCompile>
    <ClCompile Include="Source\Drivers\D3d9\MFModel_D3D9.cpp">
      <Filter>Source Files\Drivers\D3D9</Filter>
    </ClCompile>
    <ClCompile Include="Source\Drivers\D3d9\MFPrimitive_D3D9.cpp">
      <Filter>Source Files\Drivers\D3D9</Filter>
    </ClCompile>
    <ClCompile Include="Source\Drivers\D3d9\MFRenderer_D3D9.cpp">
      <Filter>Source Files\Drivers\D3D9</Filter>
    </ClCompile>
    <ClCompile Include="Source\Drivers\D3d9\MFTexture_D3D9.cpp">
      <Filter>Source Files\Drivers\D3D9</Filter>
    </ClCompile>
    <ClCompile Include="Source\Drivers\D3D9\MFVertex_D3D9.cpp">
      <Filter>Source Files\Drivers\D3D9</Filter>
    </ClCompile>
    <ClCompile Include="Source\Drivers\D3d9\Materials\MFMat_Effect_D3D9.cpp">
      <Filter>Source Files\Drivers\D3D9\Materials</Filter>
    </ClCompile>
    <ClCompile Include="Source\Drivers\D3d9\Materials\MFMat_Standard_D3D9.cpp">
      <Filter>Source Files\Drivers\D3D9\Materials</Filter>
    </ClCompile>
    <ClCompile Include="Source\Drivers\DC\MFDisplay_DC.cpp">
      <Filter>Source Files\Drivers\DC</Filter>
    </ClCompile>
    <ClCompile Include="Source\Drivers\DC\MFFileSystemNative_DC.cpp">
      <Filter>Source Files\Drivers\DC</Filter>
    </ClCompile>
    <ClCompile Include="Source\Drivers\DC\MFInput_DC.cpp">
      <Filter>Source Files\Drivers\DC</Filter>
    </ClCompile>
    <ClCompile Include="Source\Drivers\DC\MFMaterial_DC.cpp">
      <Filter>Source Files\Drivers\DC</Filter>
    </ClCompile>
    <ClCompile Include="Source\Drivers\DC\MFPrimitive_DC.cpp">
      <Filter>Source Files\Drivers\DC</Filter>
    </ClCompile>
    <ClCompile Include="Source\Drivers\DC\MFRenderer_DC.cpp">
      <Filter>Source Files\Drivers\DC</Filter>
    </ClCompile>
    <ClCompile Include="Source\Drivers\DC\MFSound_DC.cpp">
      <Filter>Source Files\Drivers\DC</Filter>
    </ClCompile>
    <ClCompile Include="Source\Drivers\DC\MFSystem_DC.cpp">
      <Filter>Source Files\Drivers\DC</Filter>
    </ClCompile>
    <ClCompile Include="Source\Drivers\DC\MFTexture_DC.cpp">
      <Filter>Source Files\Drivers\DC</Filter>
    </ClCompile>
    <ClCompile Include="Source\Drivers\DC\Materials\MFMat_Standard_DC.cpp">
      <Filter>Source Files\Drivers\DC\Materials</Filter>
    </ClCompile>
    <ClCompile Include="Source\Drivers\GC\MFDisplay_GC.cpp">
      <Filter>Source Files\Drivers\GC</Filter>
    </ClCompile>
    <ClCompile Include="Source\Drivers\GC\MFFileSystemNative_GC.cpp">
      <Filter>Source Files\Drivers\GC</Filter>
    </ClCompile>
    <ClCompile Include="Source\Drivers\GC\MFInput_GC.cpp">
      <Filter>Source Files\Drivers\GC</Filter>
    </ClCompile>
    <ClCompile Include="Source\Drivers\GC\MFMaterial_GC.cpp">
      <Filter>Source Files\Drivers\GC</Filter>
    </ClCompile>
    <ClCompile Include="Source\Drivers\GC\MFModel_GC.cpp">
      <Filter>Source Files\Drivers\GC</Filter>
    </ClCompile>
    <ClCompile Include="Source\Drivers\GC\MFPrimitive_GC.cpp">
      <Filter>Source Files\Drivers\GC</Filter>
    </ClCompile>
    <ClCompile Include="Source\Drivers\GC\MFRenderer_GC.cpp">
      <Filter>Source Files\Drivers\GC</Filter>
    </ClCompile>
    <ClCompile Include="Source\Drivers\GC\MFSound_GC.cpp">
      <Filter>Source Files\Drivers\GC</Filter>
    </ClCompile>
    <ClCompile Include="Source\Drivers\GC\MFSystem_GC.cpp">
      <Filter>Source Files\Drivers\GC</Filter>
    </ClCompile>
    <ClCompile Include="Source\Drivers\GC\MFTexture_GC.cpp">
      <Filter>Source Files\Drivers\GC</Filter>
    </ClCompile>
    <ClCompile Include="Source\Drivers\GC\Materials\MFMat_Standard_GC.cpp">
      <Filter>Source Files\Drivers\GC\Materials</Filter>
    </ClCompile>
    <ClCompile Include="Source\Drivers\Linux\MFFileSystemNative_Linux.cpp">
      <Filter>Source Files\Drivers\Linux</Filter>
    </ClCompile>
    <ClCompile Include="Source\Drivers\Linux\MFInput_Linux.cpp">
      <Filter>Source Files\Drivers\Linux</Filter>
    </ClCompile>
    <ClCompile Include="Source\Drivers\Linux\MFSound_ALSA.cpp">
      <Filter>Source Files\Drivers\Linux</Filter>
    </ClCompile>
    <ClCompile Include="Source\Drivers\Linux\MFSystem_Linux.cpp">
      <Filter>Source Files\Drivers\Linux</Filter>
    </ClCompile>
    <ClCompile Include="Source\Drivers\Linux\MFThread_Linux.cpp">
      <Filter>Source Files\Drivers\Linux</Filter>
    </ClCompile>
    <ClCompile Include="Source\Drivers\Linux\MFTranslation_Linux.cpp">
      <Filter>Source Files\Drivers\Linux</Filter>
    </ClCompile>
    <ClCompile Include="Source\Drivers\Null\MFAuxillaryDisplay_Null.cpp">
      <Filter>Source Files\Drivers\Null</Filter>
    </ClCompile>
    <ClCompile Include="Source\Drivers\Null\MFDebug_Null.cpp">
      <Filter>Source Files\Drivers\Null</Filter>
    </ClCompile>
    <ClCompile Include="Source\Drivers\Null\MFDisplay_Null.cpp">
      <Filter>Source Files\Drivers\Null</Filter>
    </ClCompile>
    <ClCompile Include="Source\Drivers\Null\MFFileSystemNative_Null.cpp">
      <Filter>Source Files\Drivers\Null</Filter>
    </ClCompile>
    <ClCompile Include="Source\Drivers\Null\MFHeap_Null.cpp">
      <Filter>Source Files\Drivers\Null</Filter>
    </ClCompile>
    <ClCompile Include="Source\Drivers\Null\MFInput_Null.cpp">
      <Filter>Source Files\Drivers\Null</Filter>
    </ClCompile>
    <ClCompile Include="Source\Drivers\Null\MFMaterial_Null.cpp">
      <Filter>Source Files\Drivers\Null</Filter>
    </ClCompile>
    <ClCompile Include="Source\Drivers\Null\MFModel_Null.cpp">
      <Filter>Source Files\Drivers\Null</Filter>
    </ClCompile>
    <ClCompile Include="Source\Drivers\Null\MFParticleSystem_Null.cpp">
      <Filter>Source Files\Drivers\Null</Filter>
    </ClCompile>
    <ClCompile Include="Source\Drivers\Null\MFPrimitive_Null.cpp">
      <Filter>Source Files\Drivers\Null</Filter>
    </ClCompile>
    <ClCompile Include="Source\Drivers\Null\MFSockets_Null.cpp">
      <Filter>Source Files\Drivers\Null</Filter>
    </ClCompile>
    <ClCompile Include="Source\Drivers\Null\MFSound_Null.cpp">
      <Filter>Source Files\Drivers\Null</Filter>
    </ClCompile>
    <ClCompile Include="Source\Drivers\Null\MFSystem_Null.cpp">
      <Filter>Source Files\Drivers\Null</Filter>
    </ClCompile>
    <ClCompile Include="Source\Drivers\Null\MFTexture_Null.cpp">
      <Filter>Source Files\Drivers\Null</Filter>
    </ClCompile>
    <ClCompile Include="Source\Drivers\Null\MFThread_Null.cpp">
      <Filter>Source Files\Drivers\Null</Filter>
    </ClCompile>
    <ClCompile Include="Source\Drivers\Null\MFTranslation_Null.cpp">
      <Filter>Source Files\Drivers\Null</Filter>
    </ClCompile>
    <ClCompile Include="Source\Drivers\Null\Materials\MFMat_Effect_Null.cpp">
      <Filter>Source Files\Drivers\Null\Materials</Filter>
    </ClCompile>
    <ClCompile Include="Source\Drivers\Null\Materials\MFMat_Standard_Null.cpp">
      <Filter>Source Files\Drivers\Null\Materials</Filter>
    </ClCompile>
    <ClCompile Include="Source\Drivers\OpenGL\MFMaterial_OpenGL.cpp">
      <Filter>Source Files\Drivers\OpenGL</Filter>
    </ClCompile>
    <ClCompile Include="Source\Drivers\OpenGL\MFModel_OpenGL.cpp">
      <Filter>Source Files\Drivers\OpenGL</Filter>
    </ClCompile>
    <ClCompile Include="Source\Drivers\OpenGL\MFPrimitive_OpenGL.cpp">
      <Filter>Source Files\Drivers\OpenGL</Filter>
    </ClCompile>
    <ClCompile Include="Source\Drivers\OpenGL\MFRenderer_OpenGL.cpp">
      <Filter>Source Files\Drivers\OpenGL</Filter>
    </ClCompile>
    <ClCompile Include="Source\Drivers\OpenGL\MFTexture_OpenGL.cpp">
      <Filter>Source Files\Drivers\OpenGL</Filter>
    </ClCompile>
    <ClCompile Include="Source\Drivers\OpenGL\MFVertex_OpenGL.cpp">
      <Filter>Source Files\Drivers\OpenGL</Filter>
    </ClCompile>
    <ClCompile Include="Source\Drivers\OpenGL\Materials\MFMat_Standard_OpenGL.cpp">
      <Filter>Source Files\Drivers\OpenGL\Materials</Filter>
    </ClCompile>
    <ClCompile Include="Source\Drivers\Pc\MFAuxillaryDisplay_PC.cpp">
      <Filter>Source Files\Drivers\PC</Filter>
    </ClCompile>
    <ClCompile Include="Source\Drivers\Pc\MFDebug_PC.cpp">
      <Filter>Source Files\Drivers\PC</Filter>
    </ClCompile>
    <ClCompile Include="Source\Drivers\Pc\MFDisplay_PC.cpp">
      <Filter>Source Files\Drivers\PC</Filter>
    </ClCompile>
    <ClCompile Include="Source\Drivers\Pc\MFInput_PC.cpp">
      <Filter>Source Files\Drivers\PC</Filter>
    </ClCompile>
    <ClCompile Include="Source\Drivers\Pc\MFInputMappings_PC.cpp">
      <Filter>Source Files\Drivers\PC</Filter>
    </ClCompile>
    <ClCompile Include="Source\Drivers\Pc\MFSound_PC.cpp">
      <Filter>Source Files\Drivers\PC</Filter>
    </ClCompile>
    <ClCompile Include="Source\Drivers\Pc\MFSystem_PC.cpp">
      <Filter>Source Files\Drivers\PC</Filter>
    </ClCompile>
    <ClCompile Include="Source\Drivers\Pc\MFTranslation_PC.cpp">
      <Filter>Source Files\Drivers\PC</Filter>
    </ClCompile>
    <ClCompile Include="Source\Drivers\PS2\MFDebug_PS2.cpp">
      <Filter>Source Files\Drivers\PS2</Filter>
    </ClCompile>
    <ClCompile Include="Source\Drivers\PS2\MFDisplay_PS2.cpp">
      <Filter>Source Files\Drivers\PS2</Filter>
    </ClCompile>
    <ClCompile Include="Source\Drivers\PS2\MFFileSystemNative_PS2.cpp">
      <Filter>Source Files\Drivers\PS2</Filter>
    </ClCompile>
    <ClCompile Include="Source\Drivers\PS2\MFHeap_PS2.cpp">
      <Filter>Source Files\Drivers\PS2</Filter>
    </ClCompile>
    <ClCompile Include="Source\Drivers\PS2\MFInput_PS2.cpp">
      <Filter>Source Files\Drivers\PS2</Filter>
    </ClCompile>
    <ClCompile Include="Source\Drivers\PS2\MFMaterial_PS2.cpp">
      <Filter>Source Files\Drivers\PS2</Filter>
    </ClCompile>
    <ClCompile Include="Source\Drivers\PS2\MFModel_PS2.cpp">
      <Filter>Source Files\Drivers\PS2</Filter>
    </ClCompile>
    <ClCompile Include="Source\Drivers\PS2\MFPrimitive_PS2.cpp">
      <Filter>Source Files\Drivers\PS2</Filter>
    </ClCompile>
    <ClCompile Include="Source\Drivers\PS2\MFRenderer_PS2.cpp">
      <Filter>Source Files\Drivers\PS2</Filter>
    </ClCompile>
    <ClCompile Include="Source\Drivers\PS2\MFSockets_PS2.cpp">
      <Filter>Source Files\Drivers\PS2</Filter>
    </ClCompile>
    <ClCompile Include="Source\Drivers\PS2\MFSound_PS2.cpp">
      <Filter>Source Files\Drivers\PS2</Filter>
    </ClCompile>
    <ClCompile Include="Source\Drivers\PS2\MFSystem_PS2.cpp">
      <Filter>Source Files\Drivers\PS2</Filter>
    </ClCompile>
    <ClCompile Include="Source\Drivers\PS2\MFTexture_PS2.cpp">
      <Filter>Source Files\Drivers\PS2</Filter>
    </ClCompile>
    <ClCompile Include="Source\Drivers\PS2\MFThread_PS2.cpp">
      <Filter>Source Files\Drivers\PS2</Filter>
    </ClCompile>
    <ClCompile Include="Source\Drivers\PS2\MFTranslation_PS2.cpp">
      <Filter>Source Files\Drivers\PS2</Filter>
    </ClCompile>
    <ClCompile Include="Source\Drivers\PS2\Materials\MFMat_Standard_PS2.cpp">
      <Filter>Source Files\Drivers\PS2\Materials</Filter>
    </ClCompile>
    <ClCompile Include="Source\Drivers\Psp\MFDebug_PSP.cpp">
      <Filter>Source Files\Drivers\PSP</Filter>
    </ClCompile>
    <ClCompile Include="Source\Drivers\Psp\MFDisplay_PSP.cpp">
      <Filter>Source Files\Drivers\PSP</Filter>
    </ClCompile>
    <ClCompile Include="Source\Drivers\Psp\MFFileSystemNative_PSP.cpp">
      <Filter>Source Files\Drivers\PSP</Filter>
    </ClCompile>
    <ClCompile Include="Source\Drivers\Psp\MFHeap_PSP.cpp">
      <Filter>Source Files\Drivers\PSP</Filter>
    </ClCompile>
    <ClCompile Include="Source\Drivers\Psp\MFInput_PSP.cpp">
      <Filter>Source Files\Drivers\PSP</Filter>
    </ClCompile>
    <ClCompile Include="Source\Drivers\Psp\MFMaterial_PSP.cpp">
      <Filter>Source Files\Drivers\PSP</Filter>
    </ClCompile>
    <ClCompile Include="Source\Drivers\Psp\MFModel_PSP.cpp">
      <Filter>Source Files\Drivers\PSP</Filter>
    </ClCompile>
    <ClCompile Include="Source\Drivers\Psp\MFPrimitive_PSP.cpp">
      <Filter>Source Files\Drivers\PSP</Filter>
    </ClCompile>
    <ClCompile Include="Source\Drivers\Psp\MFRenderer_PSP.cpp">
      <Filter>Source Files\Drivers\PSP</Filter>
    </ClCompile>
    <ClCompile Include="Source\Drivers\Psp\MFSockets_PSP.cpp">
      <Filter>Source Files\Drivers\PSP</Filter>
    </ClCompile>
    <ClCompile Include="Source\Drivers\Psp\MFSound_PSP.cpp">
      <Filter>Source Files\Drivers\PSP</Filter>
    </ClCompile>
    <ClCompile Include="Source\Drivers\Psp\MFSystem_PSP.cpp">
      <Filter>Source Files\Drivers\PSP</Filter>
    </ClCompile>
    <ClCompile Include="Source\Drivers\Psp\MFTexture_PSP.cpp">
      <Filter>Source Files\Drivers\PSP</Filter>
    </ClCompile>
    <ClCompile Include="Source\Drivers\Psp\MFThread_PSP.cpp">
      <Filter>Source Files\Drivers\PSP</Filter>
    </ClCompile>
    <ClCompile Include="Source\Drivers\Psp\MFTranslation_PSP.cpp">
      <Filter>Source Files\Drivers\PSP</Filter>
    </ClCompile>
    <ClCompile Include="Source\Drivers\Psp\Materials\MFMat_Standard_PSP.cpp">
      <Filter>Source Files\Drivers\PSP\Materials</Filter>
    </ClCompile>
    <ClCompile Include="Source\Drivers\Win32\MFFileSystemNative_WIN32.cpp">
      <Filter>Source Files\Drivers\WIN32</Filter>
    </ClCompile>
    <ClCompile Include="Source\Drivers\Win32\MFHeap_WIN32.cpp">
      <Filter>Source Files\Drivers\WIN32</Filter>
    </ClCompile>
    <ClCompile Include="Source\Drivers\Win32\MFSockets_WINSOCK.cpp">
      <Filter>Source Files\Drivers\WIN32</Filter>
    </ClCompile>
    <ClCompile Include="Source\Drivers\Win32\MFThread_WIN32.cpp">
      <Filter>Source Files\Drivers\WIN32</Filter>
    </ClCompile>
    <ClCompile Include="Source\Drivers\X11\MFDisplay_X11.cpp">
      <Filter>Source Files\Drivers\X11</Filter>
    </ClCompile>
    <ClCompile Include="Source\Drivers\XBox\MFDisplay_XB.cpp">
      <Filter>Source Files\Drivers\XBox</Filter>
    </ClCompile>
    <ClCompile Include="Source\Drivers\XBox\MFHeap_XB.cpp">
      <Filter>Source Files\Drivers\XBox</Filter>
    </ClCompile>
    <ClCompile Include="Source\Drivers\XBox\MFInput_XB.cpp">
      <Filter>Source Files\Drivers\XBox</Filter>
    </ClCompile>
    <ClCompile Include="Source\Drivers\XBox\MFMaterial_XB.cpp">
      <Filter>Source Files\Drivers\XBox</Filter>
    </ClCompile>
    <ClCompile Include="Source\Drivers\XBox\MFModel_XB.cpp">
      <Filter>Source Files\Drivers\XBox</Filter>
    </ClCompile>
    <ClCompile Include="Source\Drivers\XBox\MFPrimitive_XB.cpp">
      <Filter>Source Files\Drivers\XBox</Filter>
    </ClCompile>
    <ClCompile Include="Source\Drivers\XBox\MFRenderer_XB.cpp">
      <Filter>Source Files\Drivers\XBox</Filter>
    </ClCompile>
    <ClCompile Include="Source\Drivers\XBox\MFSystem_XB.cpp">
      <Filter>Source Files\Drivers\XBox</Filter>
    </ClCompile>
    <ClCompile Include="Source\Drivers\XBox\MFTexture_XB.cpp">
      <Filter>Source Files\Drivers\XBox</Filter>
    </ClCompile>
    <ClCompile Include="Source\Drivers\XBox\MFTranslation_XB.cpp">
      <Filter>Source Files\Drivers\XBox</Filter>
    </ClCompile>
    <ClCompile Include="Source\Drivers\XBox\Materials\MFMat_Standard_XB.cpp">
      <Filter>Source Files\Drivers\XBox\Materials</Filter>
    </ClCompile>
    <ClCompile Include="Source\Drivers\Wii\MFInput_Wii.cpp">
      <Filter>Source Files\Drivers\Wii</Filter>
    </ClCompile>
    <ClCompile Include="Source\Drivers\Plugin\MFModel_Plug.cpp">
      <Filter>Source Files\Drivers\Plugin</Filter>
    </ClCompile>
    <ClCompile Include="Source\Drivers\Plugin\MFPrimitive_Plug.cpp">
      <Filter>Source Files\Drivers\Plugin</Filter>
    </ClCompile>
    <ClCompile Include="Source\Drivers\Plugin\MFRenderer_Plug.cpp">
      <Filter>Source Files\Drivers\Plugin</Filter>
    </ClCompile>
    <ClCompile Include="Source\Drivers\Plugin\MFSound_Plug.cpp">
      <Filter>Source Files\Drivers\Plugin</Filter>
    </ClCompile>
    <ClCompile Include="Source\Drivers\Plugin\MFTexture_Plug.cpp">
      <Filter>Source Files\Drivers\Plugin</Filter>
    </ClCompile>
    <ClCompile Include="Source\Drivers\Plugin\MFVertex_Plug.cpp">
      <Filter>Source Files\Drivers\Plugin</Filter>
    </ClCompile>
    <ClCompile Include="Source\Drivers\Plugin\Materials\MFMat_Standard_Plug.cpp">
      <Filter>Source Files\Drivers\Plugin\Materials</Filter>
    </ClCompile>
    <ClCompile Include="Util\F3D.cpp">
      <Filter>Source Files\Util</Filter>
    </ClCompile>
    <ClCompile Include="Util\ReadASE.cpp">
      <Filter>Source Files\Util</Filter>
    </ClCompile>
    <ClCompile Include="Util\ReadDAE.cpp">
      <Filter>Source Files\Util</Filter>
    </ClCompile>
    <ClCompile Include="Util\ReadMD2.cpp">
      <Filter>Source Files\Util</Filter>
    </ClCompile>
    <ClCompile Include="Util\ReadMD3.cpp">
      <Filter>Source Files\Util</Filter>
    </ClCompile>
    <ClCompile Include="Util\ReadMEMD2.cpp">
      <Filter>Source Files\Util</Filter>
    </ClCompile>
    <ClCompile Include="Util\ReadOBJ.cpp">
      <Filter>Source Files\Util</Filter>
    </ClCompile>
    <ClCompile Include="Util\ReadX.cpp">
      <Filter>Source Files\Util</Filter>
    </ClCompile>
    <ClCompile Include="Source\Asset\MFIntModel.cpp">
      <Filter>Source Files\Asset</Filter>
    </ClCompile>
    <ClCompile Include="Source\Asset\MFIntSound.cpp">
      <Filter>Source Files\Asset</Filter>
    </ClCompile>
    <ClCompile Include="Source\Asset\MFIntTexture.cpp">
      <Filter>Source Files\Asset</Filter>
    </ClCompile>
    <ClCompile Include="Middleware\zlib\adler32.c">
      <Filter>Middleware\zlib</Filter>
    </ClCompile>
    <ClCompile Include="Middleware\zlib\compress.c">
      <Filter>Middleware\zlib</Filter>
    </ClCompile>
    <ClCompile Include="Middleware\zlib\crc32.c">
      <Filter>Middleware\zlib</Filter>
    </ClCompile>
    <ClCompile Include="Middleware\zlib\deflate.c">
      <Filter>Middleware\zlib</Filter>
    </ClCompile>
    <ClCompile Include="Middleware\zlib\gzio.c">
      <Filter>Middleware\zlib</Filter>
    </ClCompile>
    <ClCompile Include="Middleware\zlib\infback.c">
      <Filter>Middleware\zlib</Filter>
    </ClCompile>
    <ClCompile Include="Middleware\zlib\inffast.c">
      <Filter>Middleware\zlib</Filter>
    </ClCompile>
    <ClCompile Include="Middleware\zlib\inflate.c">
      <Filter>Middleware\zlib</Filter>
    </ClCompile>
    <ClCompile Include="Middleware\zlib\inftrees.c">
      <Filter>Middleware\zlib</Filter>
    </ClCompile>
    <ClCompile Include="Middleware\zlib\trees.c">
      <Filter>Middleware\zlib</Filter>
    </ClCompile>
    <ClCompile Include="Middleware\zlib\uncompr.c">
      <Filter>Middleware\zlib</Filter>
    </ClCompile>
    <ClCompile Include="Middleware\zlib\zutil.c">
      <Filter>Middleware\zlib</Filter>
    </ClCompile>
    <ClCompile Include="Middleware\zlib\minizip\ioapi.c">
      <Filter>Middleware\zlib\minizip</Filter>
    </ClCompile>
    <ClCompile Include="Middleware\zlib\minizip\mztools.c">
      <Filter>Middleware\zlib\minizip</Filter>
    </ClCompile>
    <ClCompile Include="Middleware\zlib\minizip\unzip.c">
      <Filter>Middleware\zlib\minizip</Filter>
    </ClCompile>
    <ClCompile Include="Middleware\zlib\minizip\zip.c">
      <Filter>Middleware\zlib\minizip</Filter>
    </ClCompile>
    <ClCompile Include="Middleware\angelscript\source\as_anyobject.cpp">
      <Filter>Middleware\angelscript</Filter>
    </ClCompile>
    <ClCompile Include="Middleware\angelscript\source\as_arrayobject.cpp">
      <Filter>Middleware\angelscript</Filter>
    </ClCompile>
    <ClCompile Include="Middleware\angelscript\source\as_builder.cpp">
      <Filter>Middleware\angelscript</Filter>
    </ClCompile>
    <ClCompile Include="Middleware\angelscript\source\as_bytecode.cpp">
      <Filter>Middleware\angelscript</Filter>
    </ClCompile>
    <ClCompile Include="Middleware\angelscript\source\as_c.cpp">
      <Filter>Middleware\angelscript</Filter>
    </ClCompile>
    <ClCompile Include="Middleware\angelscript\source\as_callfunc.cpp">
      <Filter>Middleware\angelscript</Filter>
    </ClCompile>
    <ClCompile Include="Middleware\angelscript\source\as_callfunc_mips.cpp">
      <Filter>Middleware\angelscript</Filter>
    </ClCompile>
    <ClCompile Include="Middleware\angelscript\source\as_callfunc_sh4.cpp">
      <Filter>Middleware\angelscript</Filter>
    </ClCompile>
    <ClCompile Include="Middleware\angelscript\source\as_callfunc_x86.cpp">
      <Filter>Middleware\angelscript</Filter>
    </ClCompile>
    <ClCompile Include="Middleware\angelscript\source\as_compiler.cpp">
      <Filter>Middleware\angelscript</Filter>
    </ClCompile>
    <ClCompile Include="Middleware\angelscript\source\as_configgroup.cpp">
      <Filter>Middleware\angelscript</Filter>
    </ClCompile>
    <ClCompile Include="Middleware\angelscript\source\as_context.cpp">
      <Filter>Middleware\angelscript</Filter>
    </ClCompile>
    <ClCompile Include="Middleware\angelscript\source\as_datatype.cpp">
      <Filter>Middleware\angelscript</Filter>
    </ClCompile>
    <ClCompile Include="Middleware\angelscript\source\as_gcobject.cpp">
      <Filter>Middleware\angelscript</Filter>
    </ClCompile>
    <ClCompile Include="Middleware\angelscript\source\as_generic.cpp">
      <Filter>Middleware\angelscript</Filter>
    </ClCompile>
    <ClCompile Include="Middleware\angelscript\source\as_module.cpp">
      <Filter>Middleware\angelscript</Filter>
    </ClCompile>
    <ClCompile Include="Middleware\angelscript\source\as_objecttype.cpp">
      <Filter>Middleware\angelscript</Filter>
    </ClCompile>
    <ClCompile Include="Middleware\angelscript\source\as_outputbuffer.cpp">
      <Filter>Middleware\angelscript</Filter>
    </ClCompile>
    <ClCompile Include="Middleware\angelscript\source\as_parser.cpp">
      <Filter>Middleware\angelscript</Filter>
    </ClCompile>
    <ClCompile Include="Middleware\angelscript\source\as_restore.cpp">
      <Filter>Middleware\angelscript</Filter>
    </ClCompile>
    <ClCompile Include="Middleware\angelscript\source\as_scriptcode.cpp">
      <Filter>Middleware\angelscript</Filter>
    </ClCompile>
    <ClCompile Include="Middleware\angelscript\source\as_scriptengine.cpp">
      <Filter>Middleware\angelscript</Filter>
    </ClCompile>
    <ClCompile Include="Middleware\angelscript\source\as_scriptfunction.cpp">
      <Filter>Middleware\angelscript</Filter>
    </ClCompile>
    <ClCompile Include="Middleware\angelscript\source\as_scriptnode.cpp">
      <Filter>Middleware\angelscript</Filter>
    </ClCompile>
    <ClCompile Include="Middleware\angelscript\source\as_scriptstruct.cpp">
      <Filter>Middleware\angelscript</Filter>
    </ClCompile>
    <ClCompile Include="Middleware\angelscript\source\as_string.cpp">
      <Filter>Middleware\angelscript</Filter>
    </ClCompile>
    <ClCompile Include="Middleware\angelscript\source\as_string_util.cpp">
      <Filter>Middleware\angelscript</Filter>
    </ClCompile>
    <ClCompile Include="Middleware\angelscript\source\as_thread.cpp">
      <Filter>Middleware\angelscript</Filter>
    </ClCompile>
    <ClCompile Include="Middleware\angelscript\source\as_tokenizer.cpp">
      <Filter>Middleware\angelscript</Filter>
    </ClCompile>
    <ClCompile Include="Middleware\angelscript\source\as_typeinfo.cpp">
      <Filter>Middleware\angelscript</Filter>
    </ClCompile>
    <ClCompile Include="Middleware\angelscript\source\as_variablescope.cpp">
      <Filter>Middleware\angelscript</Filter>
    </ClCompile>
    <ClCompile Include="Middleware\angelscript\scriptstring\scriptstring.cpp">
      <Filter>Middleware\angelscript\scriptstring</Filter>
    </ClCompile>
    <ClCompile Include="Middleware\tinyxml\tinystr.cpp">
      <Filter>Middleware\tinyxml</Filter>
    </ClCompile>
    <ClCompile Include="Middleware\tinyxml\tinyxml.cpp">
      <Filter>Middleware\tinyxml</Filter>
    </ClCompile>
    <ClCompile Include="Middleware\tinyxml\tinyxmlerror.cpp">
      <Filter>Middleware\tinyxml</Filter>
    </ClCompile>
    <ClCompile Include="Middleware\tinyxml\tinyxmlparser.cpp">
      <Filter>Middleware\tinyxml</Filter>
    </ClCompile>
    <ClCompile Include="Middleware\minifmod170\lib\Fmusic.c">
      <Filter>Middleware\minifmod170</Filter>
    </ClCompile>
    <ClCompile Include="Middleware\minifmod170\lib\mixer_clipcopy.c">
      <Filter>Middleware\minifmod170</Filter>
    </ClCompile>
    <ClCompile Include="Middleware\minifmod170\lib\mixer_fpu_ramp.c">
      <Filter>Middleware\minifmod170</Filter>
    </ClCompile>
    <ClCompile Include="Middleware\minifmod170\lib\music_formatxm.c">
      <Filter>Middleware\minifmod170</Filter>
    </ClCompile>
    <ClCompile Include="Middleware\minifmod170\lib\system_file.c">
      <Filter>Middleware\minifmod170</Filter>
    </ClCompile>
    <ClCompile Include="Middleware\minifmod170\lib\system_memory.c">
      <Filter>Middleware\minifmod170</Filter>
    </ClCompile>
    <ClCompile Include="Middleware\libjson\Source\internalJSONNode.cpp">
      <Filter>Middleware\libjson\Source</Filter>
    </ClCompile>
    <ClCompile Include="Middleware\libjson\Source\JSON_Base64.cpp">
      <Filter>Middleware\libjson\Source</Filter>
    </ClCompile>
    <ClCompile Include="Middleware\libjson\Source\JSONChildren.cpp">
      <Filter>Middleware\libjson\Source</Filter>
    </ClCompile>
    <ClCompile Include="Middleware\libjson\Source\JSONDebug.cpp">
      <Filter>Middleware\libjson\Source</Filter>
    </ClCompile>
    <ClCompile Include="Middleware\libjson\Source\JSONIterators.cpp">
      <Filter>Middleware\libjson\Source</Filter>
    </ClCompile>
    <ClCompile Include="Middleware\libjson\Source\JSONMemory.cpp">
      <Filter>Middleware\libjson\Source</Filter>
    </ClCompile>
    <ClCompile Include="Middleware\libjson\Source\JSONNode.cpp">
      <Filter>Middleware\libjson\Source</Filter>
    </ClCompile>
    <ClCompile Include="Middleware\libjson\Source\JSONNode_Mutex.cpp">
      <Filter>Middleware\libjson\Source</Filter>
    </ClCompile>
    <ClCompile Include="Middleware\libjson\Source\JSONWorker.cpp">
      <Filter>Middleware\libjson\Source</Filter>
    </ClCompile>
    <ClCompile Include="Middleware\libjson\Source\JSONWriter.cpp">
      <Filter>Middleware\libjson\Source</Filter>
    </ClCompile>
    <ClCompile Include="Middleware\libjson\Source\libjson.cpp">
      <Filter>Middleware\libjson\Source</Filter>
    </ClCompile>
    <ClCompile Include="Middleware\libpng-1.5.0\png.c">
      <Filter>Middleware\libpng-1.5.0</Filter>
    </ClCompile>
    <ClCompile Include="Middleware\libpng-1.5.0\pngerror.c">
      <Filter>Middleware\libpng-1.5.0</Filter>
    </ClCompile>
    <ClCompile Include="Middleware\libpng-1.5.0\pngget.c">
      <Filter>Middleware\libpng-1.5.0</Filter>
    </ClCompile>
    <ClCompile Include="Middleware\libpng-1.5.0\pngmem.c">
      <Filter>Middleware\libpng-1.5.0</Filter>
    </ClCompile>
    <ClCompile Include="Middleware\libpng-1.5.0\pngpread.c">
      <Filter>Middleware\libpng-1.5.0</Filter>
    </ClCompile>
    <ClCompile Include="Middleware\libpng-1.5.0\pngread.c">
      <Filter>Middleware\libpng-1.5.0</Filter>
    </ClCompile>
    <ClCompile Include="Middleware\libpng-1.5.0\pngrio.c">
      <Filter>Middleware\libpng-1.5.0</Filter>
    </ClCompile>
    <ClCompile Include="Middleware\libpng-1.5.0\pngrtran.c">
      <Filter>Middleware\libpng-1.5.0</Filter>
    </ClCompile>
    <ClCompile Include="Middleware\libpng-1.5.0\pngrutil.c">
      <Filter>Middleware\libpng-1.5.0</Filter>
    </ClCompile>
    <ClCompile Include="Middleware\libpng-1.5.0\pngset.c">
      <Filter>Middleware\libpng-1.5.0</Filter>
    </ClCompile>
    <ClCompile Include="Middleware\libpng-1.5.0\pngtest.c">
      <Filter>Middleware\libpng-1.5.0</Filter>
    </ClCompile>
    <ClCompile Include="Middleware\libpng-1.5.0\pngtrans.c">
      <Filter>Middleware\libpng-1.5.0</Filter>
    </ClCompile>
    <ClCompile Include="Middleware\libpng-1.5.0\pngwio.c">
      <Filter>Middleware\libpng-1.5.0</Filter>
    </ClCompile>
    <ClCompile Include="Middleware\libpng-1.5.0\pngwrite.c">
      <Filter>Middleware\libpng-1.5.0</Filter>
    </ClCompile>
    <ClCompile Include="Middleware\libpng-1.5.0\pngwtran.c">
      <Filter>Middleware\libpng-1.5.0</Filter>
    </ClCompile>
    <ClCompile Include="Middleware\libpng-1.5.0\pngwutil.c">
      <Filter>Middleware\libpng-1.5.0</Filter>
    </ClCompile>
    <ClCompile Include="Source\Drivers\D3D11\MFModel_D3D11.cpp">
      <Filter>Source Files\Drivers\D3D11</Filter>
    </ClCompile>
    <ClCompile Include="Source\Drivers\D3D11\MFRenderer_D3D11.cpp">
      <Filter>Source Files\Drivers\D3D11</Filter>
    </ClCompile>
    <ClCompile Include="Source\Drivers\D3D11\MFPrimitive_D3D11.cpp">
      <Filter>Source Files\Drivers\D3D11</Filter>
    </ClCompile>
    <ClCompile Include="Source\Drivers\D3D11\MFTexture_D3D11.cpp">
      <Filter>Source Files\Drivers\D3D11</Filter>
    </ClCompile>
    <ClCompile Include="Source\Drivers\D3D11\MFMaterial_D3D11.cpp">
      <Filter>Source Files\Drivers\D3D11</Filter>
    </ClCompile>
    <ClCompile Include="Source\Drivers\D3D11\Materials\MFMat_Standard_D3D11.cpp">
      <Filter>Source Files\Drivers\D3D11\Materials</Filter>
    </ClCompile>
    <ClCompile Include="Source\Drivers\D3D11\Materials\MFMat_Effect_D3D11.cpp">
      <Filter>Source Files\Drivers\D3D11\Materials</Filter>
    </ClCompile>
    <ClCompile Include="Source\Drivers\D3D11\MFVertex_D3D11.cpp">
      <Filter>Source Files\Drivers\D3D11</Filter>
    </ClCompile>
    <ClCompile Include="Source\Drivers\OpenCL\MFCompute_OpenCL.cpp">
      <Filter>Source Files\Drivers\OpenCL</Filter>
    </ClCompile>
    <ClCompile Include="Source\Drivers\Null\MFCompute_Null.cpp">
      <Filter>Source Files\Drivers\Null</Filter>
    </ClCompile>
  </ItemGroup>
  <ItemGroup>
    <ClInclude Include="Source\DebugMenu_Internal.h">
      <Filter>Source Files</Filter>
    </ClInclude>
    <ClInclude Include="Source\MFAnimation_Internal.h">
      <Filter>Source Files</Filter>
    </ClInclude>
    <ClInclude Include="Source\MFAnimScript_Internal.h">
      <Filter>Source Files</Filter>
    </ClInclude>
    <ClInclude Include="Source\MFCallstack_Internal.h">
      <Filter>Source Files</Filter>
    </ClInclude>
    <ClInclude Include="Source\MFCollision_Internal.h">
      <Filter>Source Files</Filter>
    </ClInclude>
    <ClInclude Include="Source\MFDisplay_Internal.h">
      <Filter>Source Files</Filter>
    </ClInclude>
    <ClInclude Include="Source\MFFileSystem_Internal.h">
      <Filter>Source Files</Filter>
    </ClInclude>
    <ClInclude Include="Source\MFFont_Internal.h">
      <Filter>Source Files</Filter>
    </ClInclude>
    <ClInclude Include="Source\MFHeap_Internal.h">
      <Filter>Source Files</Filter>
    </ClInclude>
    <ClInclude Include="Source\MFInput_Internal.h">
      <Filter>Source Files</Filter>
    </ClInclude>
    <ClInclude Include="Source\MFMaterial_Internal.h">
      <Filter>Source Files</Filter>
    </ClInclude>
    <ClInclude Include="Source\MFMesh_Internal.h">
      <Filter>Source Files</Filter>
    </ClInclude>
    <ClInclude Include="Source\MFModel_Internal.h">
      <Filter>Source Files</Filter>
    </ClInclude>
    <ClInclude Include="Source\MFNetwork_Internal.h">
      <Filter>Source Files</Filter>
    </ClInclude>
    <ClInclude Include="Source\MFParticleSystem_Internal.h">
      <Filter>Source Files</Filter>
    </ClInclude>
    <ClInclude Include="Source\MFPrimitive_Internal.h">
      <Filter>Source Files</Filter>
    </ClInclude>
    <ClInclude Include="Source\MFRenderer_Internal.h">
      <Filter>Source Files</Filter>
    </ClInclude>
    <ClInclude Include="Source\MFScript_Internal.h">
      <Filter>Source Files</Filter>
    </ClInclude>
    <ClInclude Include="Source\MFSockets_Internal.h">
      <Filter>Source Files</Filter>
    </ClInclude>
    <ClInclude Include="Source\MFSound_Internal.h">
      <Filter>Source Files</Filter>
    </ClInclude>
    <ClInclude Include="Source\MFSystem_Internal.h">
      <Filter>Source Files</Filter>
    </ClInclude>
    <ClInclude Include="Source\MFTexture_Internal.h">
      <Filter>Source Files</Filter>
    </ClInclude>
    <ClInclude Include="Source\MFVertex_Internal.h">
      <Filter>Source Files</Filter>
    </ClInclude>
    <ClInclude Include="Source\MFView_Internal.h">
      <Filter>Source Files</Filter>
    </ClInclude>
    <ClInclude Include="Source\FileSystem\MFFileSystemCachedFile_Internal.h">
      <Filter>Source Files\FileSystem</Filter>
    </ClInclude>
    <ClInclude Include="Source\FileSystem\MFFileSystemHTTP_Internal.h">
      <Filter>Source Files\FileSystem</Filter>
    </ClInclude>
    <ClInclude Include="Source\FileSystem\MFFileSystemMemory_Internal.h">
      <Filter>Source Files\FileSystem</Filter>
    </ClInclude>
    <ClInclude Include="Source\FileSystem\MFFileSystemNative_Internal.h">
      <Filter>Source Files\FileSystem</Filter>
    </ClInclude>
    <ClInclude Include="Source\FileSystem\MFFileSystemZipFile_Internal.h">
      <Filter>Source Files\FileSystem</Filter>
    </ClInclude>
    <ClInclude Include="Source\Materials\MFMat_Effect.h">
      <Filter>Source Files\Materials</Filter>
    </ClInclude>
    <ClInclude Include="Source\Materials\MFMat_Standard.h">
      <Filter>Source Files\Materials</Filter>
    </ClInclude>
    <ClInclude Include="Source\Drivers\D3d9\MFRenderer_D3D9.h">
      <Filter>Source Files\Drivers\D3D9</Filter>
    </ClInclude>
    <ClInclude Include="Source\Drivers\OpenGL\MFOpenGL.h">
      <Filter>Source Files\Drivers\OpenGL</Filter>
    </ClInclude>
    <ClInclude Include="Source\Drivers\Pc\MFInputMappings_PC.h">
      <Filter>Source Files\Drivers\PC</Filter>
    </ClInclude>
    <ClInclude Include="Include\MFSystem_PC.h">
      <Filter>Source Files\Drivers\PC</Filter>
    </ClInclude>
    <ClInclude Include="Source\Drivers\X11\X11_linux.h">
      <Filter>Source Files\Drivers\X11</Filter>
    </ClInclude>
    <ClInclude Include="Source\Drivers\XBox\MFRenderer_XB.h">
      <Filter>Source Files\Drivers\XBox</Filter>
    </ClInclude>
    <ClInclude Include="Source\Drivers\XBox\VertexShaders\ModelRenderer.h">
      <Filter>Source Files\Drivers\XBox\VertexShaders</Filter>
    </ClInclude>
    <ClInclude Include="Source\Drivers\XBox\VertexShaders\Registers.h">
      <Filter>Source Files\Drivers\XBox\VertexShaders</Filter>
    </ClInclude>
    <ClInclude Include="Source\Images\Dc\SysLogo256.h">
      <Filter>Source Files\Images\DC</Filter>
    </ClInclude>
    <ClInclude Include="Source\Images\Dc\SysLogo64.h">
      <Filter>Source Files\Images\DC</Filter>
    </ClInclude>
    <ClInclude Include="Source\Images\Gc\SysLogo256.h">
      <Filter>Source Files\Images\GC</Filter>
    </ClInclude>
    <ClInclude Include="Source\Images\Gc\SysLogo64.h">
      <Filter>Source Files\Images\GC</Filter>
    </ClInclude>
    <ClInclude Include="Source\Images\Linux\SysLogo256.h">
      <Filter>Source Files\Images\LINUX</Filter>
    </ClInclude>
    <ClInclude Include="Source\Images\Linux\SysLogo64.h">
      <Filter>Source Files\Images\LINUX</Filter>
    </ClInclude>
    <ClInclude Include="Source\Images\Osx\SysLogo256.h">
      <Filter>Source Files\Images\OSX</Filter>
    </ClInclude>
    <ClInclude Include="Source\Images\Osx\SysLogo64.h">
      <Filter>Source Files\Images\OSX</Filter>
    </ClInclude>
    <ClInclude Include="Source\Images\Ps2\SysLogo256.h">
      <Filter>Source Files\Images\PS2</Filter>
    </ClInclude>
    <ClInclude Include="Source\Images\Ps2\SysLogo64.h">
      <Filter>Source Files\Images\PS2</Filter>
    </ClInclude>
    <ClInclude Include="Source\Images\Psp\charging.h">
      <Filter>Source Files\Images\PSP</Filter>
    </ClInclude>
    <ClInclude Include="Source\Images\Psp\connected.h">
      <Filter>Source Files\Images\PSP</Filter>
    </ClInclude>
    <ClInclude Include="Source\Images\Psp\disconnected.h">
      <Filter>Source Files\Images\PSP</Filter>
    </ClInclude>
    <ClInclude Include="Source\Images\Psp\power.h">
      <Filter>Source Files\Images\PSP</Filter>
    </ClInclude>
    <ClInclude Include="Source\Images\Psp\SysLogo256.h">
      <Filter>Source Files\Images\PSP</Filter>
    </ClInclude>
    <ClInclude Include="Source\Images\Psp\SysLogo64.h">
      <Filter>Source Files\Images\PSP</Filter>
    </ClInclude>
    <ClInclude Include="Source\Images\Psp\usb_icon.h">
      <Filter>Source Files\Images\PSP</Filter>
    </ClInclude>
    <ClInclude Include="Source\Images\Windows\SysLogo256.h">
      <Filter>Source Files\Images\WINDOWS</Filter>
    </ClInclude>
    <ClInclude Include="Source\Images\Windows\SysLogo64.h">
      <Filter>Source Files\Images\WINDOWS</Filter>
    </ClInclude>
    <ClInclude Include="Source\Images\Xbox\SysLogo256.h">
      <Filter>Source Files\Images\XBOX</Filter>
    </ClInclude>
    <ClInclude Include="Source\Images\Xbox\SysLogo64.h">
      <Filter>Source Files\Images\XBOX</Filter>
    </ClInclude>
    <ClInclude Include="Util\ReadMEMD2.h">
      <Filter>Source Files\Util</Filter>
    </ClInclude>
    <ClInclude Include="Include\DebugMenu.h">
      <Filter>Header Files</Filter>
    </ClInclude>
    <ClInclude Include="Include\Fuji.h">
      <Filter>Header Files</Filter>
    </ClInclude>
    <ClInclude Include="Include\Image.h">
      <Filter>Header Files</Filter>
    </ClInclude>
    <ClInclude Include="Include\MFAnimation.h">
      <Filter>Header Files</Filter>
    </ClInclude>
    <ClInclude Include="Include\MFAnimScript.h">
      <Filter>Header Files</Filter>
    </ClInclude>
    <ClInclude Include="Include\MFArray.h">
      <Filter>Header Files</Filter>
    </ClInclude>
    <ClInclude Include="Include\MFAuxillaryDisplay.h">
      <Filter>Header Files</Filter>
    </ClInclude>
    <ClInclude Include="Include\MFBoundingVolume.h">
      <Filter>Header Files</Filter>
    </ClInclude>
    <ClInclude Include="Include\MFCallstack.h">
      <Filter>Header Files</Filter>
    </ClInclude>
    <ClInclude Include="Include\MFCollision.h">
      <Filter>Header Files</Filter>
    </ClInclude>
    <ClInclude Include="Include\MFCommandLine.h">
      <Filter>Header Files</Filter>
    </ClInclude>
    <ClInclude Include="Include\MFDebug.h">
      <Filter>Header Files</Filter>
    </ClInclude>
    <ClInclude Include="Include\MFDisplay.h">
      <Filter>Header Files</Filter>
    </ClInclude>
    <ClInclude Include="Include\MFDriver.h">
      <Filter>Header Files</Filter>
    </ClInclude>
    <ClInclude Include="Include\MFDriver_Plugin.h">
      <Filter>Header Files</Filter>
    </ClInclude>
    <ClInclude Include="Include\MFFileSystem.h">
      <Filter>Header Files</Filter>
    </ClInclude>
    <ClInclude Include="Include\MFFont.h">
      <Filter>Header Files</Filter>
    </ClInclude>
    <ClInclude Include="Include\MFHeap.h">
      <Filter>Header Files</Filter>
    </ClInclude>
    <ClInclude Include="Include\MFIni.h">
      <Filter>Header Files</Filter>
    </ClInclude>
    <ClInclude Include="Include\MFInput.h">
      <Filter>Header Files</Filter>
    </ClInclude>
    <ClInclude Include="Include\MFList.h">
      <Filter>Header Files</Filter>
    </ClInclude>
    <ClInclude Include="Include\MFMaterial.h">
      <Filter>Header Files</Filter>
    </ClInclude>
    <ClInclude Include="Include\MFMath.h">
      <Filter>Header Files</Filter>
    </ClInclude>
    <ClInclude Include="Include\MFMatrix.h">
      <Filter>Header Files</Filter>
    </ClInclude>
    <ClInclude Include="Include\MFModel.h">
      <Filter>Header Files</Filter>
    </ClInclude>
    <ClInclude Include="Include\MFNetwork.h">
      <Filter>Header Files</Filter>
    </ClInclude>
    <ClInclude Include="Include\MFObjectPool.h">
      <Filter>Header Files</Filter>
    </ClInclude>
    <ClInclude Include="Include\MFParticleSystem.h">
      <Filter>Header Files</Filter>
    </ClInclude>
    <ClInclude Include="Include\MFPoolHeap.h">
      <Filter>Header Files</Filter>
    </ClInclude>
    <ClInclude Include="Include\MFPrimitive.h">
      <Filter>Header Files</Filter>
    </ClInclude>
    <ClInclude Include="Include\MFPtrList.h">
      <Filter>Header Files</Filter>
    </ClInclude>
    <ClInclude Include="Include\MFQuaternion.h">
      <Filter>Header Files</Filter>
    </ClInclude>
    <ClInclude Include="Include\MFRenderer.h">
      <Filter>Header Files</Filter>
    </ClInclude>
    <ClInclude Include="Include\MFScript.h">
      <Filter>Header Files</Filter>
    </ClInclude>
    <ClInclude Include="Include\MFSockets.h">
      <Filter>Header Files</Filter>
    </ClInclude>
    <ClInclude Include="Include\MFSound.h">
      <Filter>Header Files</Filter>
    </ClInclude>
    <ClInclude Include="Include\MFString.h">
      <Filter>Header Files</Filter>
    </ClInclude>
    <ClInclude Include="Include\MFStringCache.h">
      <Filter>Header Files</Filter>
    </ClInclude>
    <ClInclude Include="Include\MFSystem.h">
      <Filter>Header Files</Filter>
    </ClInclude>
    <ClInclude Include="Include\MFTexture.h">
      <Filter>Header Files</Filter>
    </ClInclude>
    <ClInclude Include="Include\MFThread.h">
      <Filter>Header Files</Filter>
    </ClInclude>
    <ClInclude Include="Include\MFTranslation.h">
      <Filter>Header Files</Filter>
    </ClInclude>
    <ClInclude Include="Include\MFTypes.h">
      <Filter>Header Files</Filter>
    </ClInclude>
    <ClInclude Include="Include\MFVector.h">
      <Filter>Header Files</Filter>
    </ClInclude>
    <ClInclude Include="Include\MFVertex.h">
      <Filter>Header Files</Filter>
    </ClInclude>
    <ClInclude Include="Include\MFView.h">
      <Filter>Header Files</Filter>
    </ClInclude>
    <ClInclude Include="Include\Sprite.h">
      <Filter>Header Files</Filter>
    </ClInclude>
    <ClInclude Include="Include\Timer.h">
      <Filter>Header Files</Filter>
    </ClInclude>
    <ClInclude Include="Include\Util.h">
      <Filter>Header Files</Filter>
    </ClInclude>
    <ClInclude Include="Include\Video.h">
      <Filter>Header Files</Filter>
    </ClInclude>
    <ClInclude Include="Include\FileSystem\MFFileSystemCachedFile.h">
      <Filter>Header Files\FileSystem</Filter>
    </ClInclude>
    <ClInclude Include="Include\FileSystem\MFFileSystemHTTP.h">
      <Filter>Header Files\FileSystem</Filter>
    </ClInclude>
    <ClInclude Include="Include\FileSystem\MFFileSystemMemory.h">
      <Filter>Header Files\FileSystem</Filter>
    </ClInclude>
    <ClInclude Include="Include\FileSystem\MFFileSystemNative.h">
      <Filter>Header Files\FileSystem</Filter>
    </ClInclude>
    <ClInclude Include="Include\FileSystem\MFFileSystemZipFile.h">
      <Filter>Header Files\FileSystem</Filter>
    </ClInclude>
    <ClInclude Include="Include\Util\F3D.h">
      <Filter>Header Files\Util</Filter>
    </ClInclude>
    <ClInclude Include="Include\Asset\MFIntModel.h">
      <Filter>Header Files\Asset</Filter>
    </ClInclude>
    <ClInclude Include="Include\Asset\MFIntSound.h">
      <Filter>Header Files\Asset</Filter>
    </ClInclude>
    <ClInclude Include="Include\Asset\MFIntTexture.h">
      <Filter>Header Files\Asset</Filter>
    </ClInclude>
    <ClInclude Include="Middleware\zlib\crc32.h">
      <Filter>Middleware\zlib</Filter>
    </ClInclude>
    <ClInclude Include="Middleware\zlib\deflate.h">
      <Filter>Middleware\zlib</Filter>
    </ClInclude>
    <ClInclude Include="Middleware\zlib\inffast.h">
      <Filter>Middleware\zlib</Filter>
    </ClInclude>
    <ClInclude Include="Middleware\zlib\inffixed.h">
      <Filter>Middleware\zlib</Filter>
    </ClInclude>
    <ClInclude Include="Middleware\zlib\inflate.h">
      <Filter>Middleware\zlib</Filter>
    </ClInclude>
    <ClInclude Include="Middleware\zlib\inftrees.h">
      <Filter>Middleware\zlib</Filter>
    </ClInclude>
    <ClInclude Include="Middleware\zlib\trees.h">
      <Filter>Middleware\zlib</Filter>
    </ClInclude>
    <ClInclude Include="Middleware\zlib\zconf.h">
      <Filter>Middleware\zlib</Filter>
    </ClInclude>
    <ClInclude Include="Middleware\zlib\zconf.in.h">
      <Filter>Middleware\zlib</Filter>
    </ClInclude>
    <ClInclude Include="Middleware\zlib\zlib.h">
      <Filter>Middleware\zlib</Filter>
    </ClInclude>
    <ClInclude Include="Middleware\zlib\zutil.h">
      <Filter>Middleware\zlib</Filter>
    </ClInclude>
    <ClInclude Include="Middleware\zlib\minizip\crypt.h">
      <Filter>Middleware\zlib\minizip</Filter>
    </ClInclude>
    <ClInclude Include="Middleware\zlib\minizip\ioapi.h">
      <Filter>Middleware\zlib\minizip</Filter>
    </ClInclude>
    <ClInclude Include="Middleware\zlib\minizip\mztools.h">
      <Filter>Middleware\zlib\minizip</Filter>
    </ClInclude>
    <ClInclude Include="Middleware\zlib\minizip\unzip.h">
      <Filter>Middleware\zlib\minizip</Filter>
    </ClInclude>
    <ClInclude Include="Middleware\zlib\minizip\zip.h">
      <Filter>Middleware\zlib\minizip</Filter>
    </ClInclude>
    <ClInclude Include="Middleware\angelscript\include\angelscript.h">
      <Filter>Middleware\angelscript</Filter>
    </ClInclude>
    <ClInclude Include="Middleware\angelscript\source\as_anyobject.h">
      <Filter>Middleware\angelscript</Filter>
    </ClInclude>
    <ClInclude Include="Middleware\angelscript\source\as_array.h">
      <Filter>Middleware\angelscript</Filter>
    </ClInclude>
    <ClInclude Include="Middleware\angelscript\source\as_arrayobject.h">
      <Filter>Middleware\angelscript</Filter>
    </ClInclude>
    <ClInclude Include="Middleware\angelscript\source\as_builder.h">
      <Filter>Middleware\angelscript</Filter>
    </ClInclude>
    <ClInclude Include="Middleware\angelscript\source\as_bytecode.h">
      <Filter>Middleware\angelscript</Filter>
    </ClInclude>
    <ClInclude Include="Middleware\angelscript\source\as_bytecodedef.h">
      <Filter>Middleware\angelscript</Filter>
    </ClInclude>
    <ClInclude Include="Middleware\angelscript\source\as_callfunc.h">
      <Filter>Middleware\angelscript</Filter>
    </ClInclude>
    <ClInclude Include="Middleware\angelscript\source\as_compiler.h">
      <Filter>Middleware\angelscript</Filter>
    </ClInclude>
    <ClInclude Include="Middleware\angelscript\source\as_config.h">
      <Filter>Middleware\angelscript</Filter>
    </ClInclude>
    <ClInclude Include="Middleware\angelscript\source\as_configgroup.h">
      <Filter>Middleware\angelscript</Filter>
    </ClInclude>
    <ClInclude Include="Middleware\angelscript\source\as_context.h">
      <Filter>Middleware\angelscript</Filter>
    </ClInclude>
    <ClInclude Include="Middleware\angelscript\source\as_datatype.h">
      <Filter>Middleware\angelscript</Filter>
    </ClInclude>
    <ClInclude Include="Middleware\angelscript\source\as_debug.h">
      <Filter>Middleware\angelscript</Filter>
    </ClInclude>
    <ClInclude Include="Middleware\angelscript\source\as_gcobject.h">
      <Filter>Middleware\angelscript</Filter>
    </ClInclude>
    <ClInclude Include="Middleware\angelscript\source\as_generic.h">
      <Filter>Middleware\angelscript</Filter>
    </ClInclude>
    <ClInclude Include="Middleware\angelscript\source\as_map.h">
      <Filter>Middleware\angelscript</Filter>
    </ClInclude>
    <ClInclude Include="Middleware\angelscript\source\as_module.h">
      <Filter>Middleware\angelscript</Filter>
    </ClInclude>
    <ClInclude Include="Middleware\angelscript\source\as_objecttype.h">
      <Filter>Middleware\angelscript</Filter>
    </ClInclude>
    <ClInclude Include="Middleware\angelscript\source\as_outputbuffer.h">
      <Filter>Middleware\angelscript</Filter>
    </ClInclude>
    <ClInclude Include="Middleware\angelscript\source\as_parser.h">
      <Filter>Middleware\angelscript</Filter>
    </ClInclude>
    <ClInclude Include="Middleware\angelscript\source\as_property.h">
      <Filter>Middleware\angelscript</Filter>
    </ClInclude>
    <ClInclude Include="Middleware\angelscript\source\as_restore.h">
      <Filter>Middleware\angelscript</Filter>
    </ClInclude>
    <ClInclude Include="Middleware\angelscript\source\as_scriptcode.h">
      <Filter>Middleware\angelscript</Filter>
    </ClInclude>
    <ClInclude Include="Middleware\angelscript\source\as_scriptengine.h">
      <Filter>Middleware\angelscript</Filter>
    </ClInclude>
    <ClInclude Include="Middleware\angelscript\source\as_scriptfunction.h">
      <Filter>Middleware\angelscript</Filter>
    </ClInclude>
    <ClInclude Include="Middleware\angelscript\source\as_scriptnode.h">
      <Filter>Middleware\angelscript</Filter>
    </ClInclude>
    <ClInclude Include="Middleware\angelscript\source\as_scriptstruct.h">
      <Filter>Middleware\angelscript</Filter>
    </ClInclude>
    <ClInclude Include="Middleware\angelscript\source\as_string.h">
      <Filter>Middleware\angelscript</Filter>
    </ClInclude>
    <ClInclude Include="Middleware\angelscript\source\as_string_util.h">
      <Filter>Middleware\angelscript</Filter>
    </ClInclude>
    <ClInclude Include="Middleware\angelscript\source\as_texts.h">
      <Filter>Middleware\angelscript</Filter>
    </ClInclude>
    <ClInclude Include="Middleware\angelscript\source\as_thread.h">
      <Filter>Middleware\angelscript</Filter>
    </ClInclude>
    <ClInclude Include="Middleware\angelscript\source\as_tokendef.h">
      <Filter>Middleware\angelscript</Filter>
    </ClInclude>
    <ClInclude Include="Middleware\angelscript\source\as_tokenizer.h">
      <Filter>Middleware\angelscript</Filter>
    </ClInclude>
    <ClInclude Include="Middleware\angelscript\source\as_typeinfo.h">
      <Filter>Middleware\angelscript</Filter>
    </ClInclude>
    <ClInclude Include="Middleware\angelscript\source\as_variablescope.h">
      <Filter>Middleware\angelscript</Filter>
    </ClInclude>
    <ClInclude Include="Middleware\angelscript\include\scriptstring.h">
      <Filter>Middleware\angelscript\scriptstring</Filter>
    </ClInclude>
    <ClInclude Include="Middleware\tinyxml\tinystr.h">
      <Filter>Middleware\tinyxml</Filter>
    </ClInclude>
    <ClInclude Include="Middleware\tinyxml\tinyxml.h">
      <Filter>Middleware\tinyxml</Filter>
    </ClInclude>
    <ClInclude Include="Middleware\minifmod170\lib\minifmod.h">
      <Filter>Middleware\minifmod170</Filter>
    </ClInclude>
    <ClInclude Include="Middleware\minifmod170\lib\Mixer.h">
      <Filter>Middleware\minifmod170</Filter>
    </ClInclude>
    <ClInclude Include="Middleware\minifmod170\lib\mixer_clipcopy.h">
      <Filter>Middleware\minifmod170</Filter>
    </ClInclude>
    <ClInclude Include="Middleware\minifmod170\lib\mixer_fpu_ramp.h">
      <Filter>Middleware\minifmod170</Filter>
    </ClInclude>
    <ClInclude Include="Middleware\minifmod170\lib\Music.h">
      <Filter>Middleware\minifmod170</Filter>
    </ClInclude>
    <ClInclude Include="Middleware\minifmod170\lib\music_formatxm.h">
      <Filter>Middleware\minifmod170</Filter>
    </ClInclude>
    <ClInclude Include="Middleware\minifmod170\lib\Sound.h">
      <Filter>Middleware\minifmod170</Filter>
    </ClInclude>
    <ClInclude Include="Middleware\minifmod170\lib\system_file.h">
      <Filter>Middleware\minifmod170</Filter>
    </ClInclude>
    <ClInclude Include="Middleware\minifmod170\lib\system_memory.h">
      <Filter>Middleware\minifmod170</Filter>
    </ClInclude>
    <ClInclude Include="Middleware\minifmod170\lib\xmeffects.h">
      <Filter>Middleware\minifmod170</Filter>
    </ClInclude>
    <ClInclude Include="Middleware\libjson\JSONOptions.h">
      <Filter>Middleware\libjson</Filter>
    </ClInclude>
    <ClInclude Include="Middleware\libjson\libjson.h">
      <Filter>Middleware\libjson</Filter>
    </ClInclude>
    <ClInclude Include="Middleware\libjson\Source\internalJSONNode.h">
      <Filter>Middleware\libjson\Source</Filter>
    </ClInclude>
    <ClInclude Include="Middleware\libjson\Source\JSON_Base64.h">
      <Filter>Middleware\libjson\Source</Filter>
    </ClInclude>
    <ClInclude Include="Middleware\libjson\Source\JSONChildren.h">
      <Filter>Middleware\libjson\Source</Filter>
    </ClInclude>
    <ClInclude Include="Middleware\libjson\Source\JSONDebug.h">
      <Filter>Middleware\libjson\Source</Filter>
    </ClInclude>
    <ClInclude Include="Middleware\libjson\Source\JSONDefs.h">
      <Filter>Middleware\libjson\Source</Filter>
    </ClInclude>
    <ClInclude Include="Middleware\libjson\Source\JSONMemory.h">
      <Filter>Middleware\libjson\Source</Filter>
    </ClInclude>
    <ClInclude Include="Middleware\libjson\Source\JSONNode.h">
      <Filter>Middleware\libjson\Source</Filter>
    </ClInclude>
    <ClInclude Include="Middleware\libjson\Source\JSONWorker.h">
      <Filter>Middleware\libjson\Source</Filter>
    </ClInclude>
    <ClInclude Include="Middleware\libjson\Source\NumberToString.h">
      <Filter>Middleware\libjson\Source</Filter>
    </ClInclude>
    <ClInclude Include="Middleware\libpng-1.5.0\png.h">
      <Filter>Middleware\libpng-1.5.0</Filter>
    </ClInclude>
    <ClInclude Include="Middleware\libpng-1.5.0\pngconf.h">
      <Filter>Middleware\libpng-1.5.0</Filter>
    </ClInclude>
    <ClInclude Include="Middleware\libpng-1.5.0\pngdebug.h">
      <Filter>Middleware\libpng-1.5.0</Filter>
    </ClInclude>
    <ClInclude Include="Middleware\libpng-1.5.0\pnginfo.h">
      <Filter>Middleware\libpng-1.5.0</Filter>
    </ClInclude>
    <ClInclude Include="Middleware\libpng-1.5.0\pnglibconf.h">
      <Filter>Middleware\libpng-1.5.0</Filter>
    </ClInclude>
    <ClInclude Include="Middleware\libpng-1.5.0\pngpriv.h">
      <Filter>Middleware\libpng-1.5.0</Filter>
    </ClInclude>
    <ClInclude Include="Middleware\libpng-1.5.0\pngstruct.h">
      <Filter>Middleware\libpng-1.5.0</Filter>
    </ClInclude>
    <ClInclude Include="Source\Drivers\D3D11\MFRenderer_D3D11.h">
      <Filter>Source Files\Drivers\D3D11</Filter>
    </ClInclude>
    <ClInclude Include="Include\MFCompute.h">
      <Filter>Header Files</Filter>
    </ClInclude>
    <ClInclude Include="Source\MFCompute_Internal.h">
      <Filter>Source Files</Filter>
    </ClInclude>
  </ItemGroup>
  <ItemGroup>
    <None Include="Source\Drivers\XBox\VertexShaders\MatStandard.vsh">
      <Filter>Source Files\Drivers\XBox\VertexShaders</Filter>
    </None>
    <None Include="Source\Drivers\XBox\VertexShaders\Model_LS.vsh">
      <Filter>Source Files\Drivers\XBox\VertexShaders</Filter>
    </None>
    <None Include="Source\Drivers\XBox\VertexShaders\Model_S.vsh">
      <Filter>Source Files\Drivers\XBox\VertexShaders</Filter>
    </None>
    <None Include="Include\MFArray.inl">
      <Filter>Header Files</Filter>
    </None>
    <None Include="Include\MFCollision.inl">
      <Filter>Header Files</Filter>
    </None>
    <None Include="Include\MFList.inl">
      <Filter>Header Files</Filter>
    </None>
    <None Include="Include\MFMath.inl">
      <Filter>Header Files</Filter>
    </None>
    <None Include="Include\MFMatrix.inl">
      <Filter>Header Files</Filter>
    </None>
    <None Include="Include\MFPtrList.inl">
      <Filter>Header Files</Filter>
    </None>
    <None Include="Include\MFQuaternion.inl">
      <Filter>Header Files</Filter>
    </None>
    <None Include="Include\MFString.inl">
      <Filter>Header Files</Filter>
    </None>
    <None Include="Include\MFSystem.inl">
      <Filter>Header Files</Filter>
    </None>
    <None Include="Include\MFVector.inl">
      <Filter>Header Files</Filter>
    </None>
    <None Include="Middleware\libpng-1.5.0\libpng-manual.txt">
      <Filter>Middleware\libpng-1.5.0</Filter>
    </None>
    <None Include="Middleware\libpng-1.5.0\LICENSE">
      <Filter>Middleware\libpng-1.5.0</Filter>
    </None>
    <None Include="Middleware\libpng-1.5.0\png.5">
      <Filter>Middleware\libpng-1.5.0</Filter>
    </None>
    <None Include="Middleware\libpng-1.5.0\README">
      <Filter>Middleware\libpng-1.5.0</Filter>
    </None>
    <None Include="Middleware\libpng-1.5.0\TODO">
      <Filter>Middleware\libpng-1.5.0</Filter>
    </None>
    <None Include="Makefile" />
    <None Include="MakeGame.inc" />
    <None Include="Releasenotes.txt" />
    <None Include="Todo.txt" />
  </ItemGroup>
</Project>