
Microsoft Visual Studio Solution File, Format Version 10.00
# Visual Studio 2008
Project("{8BC9CEB8-8B4A-11D0-8D11-00A0C91BC942}") = "json", "..\..\Private\Middleware\libjson\json.vcproj", "{B4699AE8-9D9E-B048-BC47-124C0E9BDCCB}"
EndProject
Project("{8BC9CEB8-8B4A-11D0-8D11-00A0C91BC942}") = "mad", "..\..\Private\Middleware\libmad\mad.vcproj", "{419AA1F0-64FF-7949-87A0-66FB183DCF99}"
EndProject
Project("{8BC9CEB8-8B4A-11D0-8D11-00A0C91BC942}") = "Fuji", "..\..\Private\Project\Fuji.vcproj", "{9166EF22-E6E3-B346-ADCD-AB996B612D54}"
	ProjectSection(ProjectDependencies) = postProject
		{419AA1F0-64FF-7949-87A0-66FB183DCF99} = {419AA1F0-64FF-7949-87A0-66FB183DCF99}
		{B4699AE8-9D9E-B048-BC47-124C0E9BDCCB} = {B4699AE8-9D9E-B048-BC47-124C0E9BDCCB}
	EndProjectSection
EndProject
Project("{8BC9CEB8-8B4A-11D0-8D11-00A0C91BC942}") = "3DBox", "3DBox\3DBox.vcproj", "{9B79C296-BDC9-FD49-A893-64781231E098}"
	ProjectSection(ProjectDependencies) = postProject
		{9166EF22-E6E3-B346-ADCD-AB996B612D54} = {9166EF22-E6E3-B346-ADCD-AB996B612D54}
		{419AA1F0-64FF-7949-87A0-66FB183DCF99} = {419AA1F0-64FF-7949-87A0-66FB183DCF99}
		{B4699AE8-9D9E-B048-BC47-124C0E9BDCCB} = {B4699AE8-9D9E-B048-BC47-124C0E9BDCCB}
	EndProjectSection
EndProject
Project("{8BC9CEB8-8B4A-11D0-8D11-00A0C91BC942}") = "Compute", "Compute\Compute.vcproj", "{84F81498-07BF-E844-A5D8-0CC374BA228D}"
	ProjectSection(ProjectDependencies) = postProject
		{9166EF22-E6E3-B346-ADCD-AB996B612D54} = {9166EF22-E6E3-B346-ADCD-AB996B612D54}
		{419AA1F0-64FF-7949-87A0-66FB183DCF99} = {419AA1F0-64FF-7949-87A0-66FB183DCF99}
		{B4699AE8-9D9E-B048-BC47-124C0E9BDCCB} = {B4699AE8-9D9E-B048-BC47-124C0E9BDCCB}
	EndProjectSection
EndProject
Project("{8BC9CEB8-8B4A-11D0-8D11-00A0C91BC942}") = "HelloWorld", "HelloWorld\HelloWorld.vcproj", "{3FD93198-BCB5-1647-B3CE-81058ABC7F8C}"
	ProjectSection(ProjectDependencies) = postProject
		{9166EF22-E6E3-B346-ADCD-AB996B612D54} = {9166EF22-E6E3-B346-ADCD-AB996B612D54}
		{419AA1F0-64FF-7949-87A0-66FB183DCF99} = {419AA1F0-64FF-7949-87A0-66FB183DCF99}
		{B4699AE8-9D9E-B048-BC47-124C0E9BDCCB} = {B4699AE8-9D9E-B048-BC47-124C0E9BDCCB}
	EndProjectSection
EndProject
Project("{8BC9CEB8-8B4A-11D0-8D11-00A0C91BC942}") = "InputTest", "InputTest\InputTest.vcproj", "{2FF1C04C-93BC-2A43-AF02-9F34AD99A447}"
	ProjectSection(ProjectDependencies) = postProject
		{9166EF22-E6E3-B346-ADCD-AB996B612D54} = {9166EF22-E6E3-B346-ADCD-AB996B612D54}
		{419AA1F0-64FF-7949-87A0-66FB183DCF99} = {419AA1F0-64FF-7949-87A0-66FB183DCF99}
		{B4699AE8-9D9E-B048-BC47-124C0E9BDCCB} = {B4699AE8-9D9E-B048-BC47-124C0E9BDCCB}
	EndProjectSection
EndProject
Project("{8BC9CEB8-8B4A-11D0-8D11-00A0C91BC942}") = "ModelTest", "ModelTest\ModelTest.vcproj", "{F38A8229-0C69-D740-BBDD-5D93C1E1B3A5}"
	ProjectSection(ProjectDependencies) = postProject
		{9166EF22-E6E3-B346-ADCD-AB996B612D54} = {9166EF22-E6E3-B346-ADCD-AB996B612D54}
		{419AA1F0-64FF-7949-87A0-66FB183DCF99} = {419AA1F0-64FF-7949-87A0-66FB183DCF99}
		{B4699AE8-9D9E-B048-BC47-124C0E9BDCCB} = {B4699AE8-9D9E-B048-BC47-124C0E9BDCCB}
	EndProjectSection
EndProject
Global
	GlobalSection(SolutionConfigurationPlatforms) = preSolution
		Debug|Win32 = Debug|Win32
		Debug|x64 = Debug|x64
		DebugOpt|Win32 = DebugOpt|Win32
		DebugOpt|x64 = DebugOpt|x64
		Release|Win32 = Release|Win32
		Release|x64 = Release|x64
		Retail|Win32 = Retail|Win32
		Retail|x64 = Retail|x64
	EndGlobalSection
	GlobalSection(ProjectConfigurationPlatforms) = postSolution
		{B4699AE8-9D9E-B048-BC47-124C0E9BDCCB}.Debug|Win32.ActiveCfg = Debug|Win32
		{B4699AE8-9D9E-B048-BC47-124C0E9BDCCB}.Debug|Win32.Build.0 = Debug|Win32
		{B4699AE8-9D9E-B048-BC47-124C0E9BDCCB}.Debug|x64.ActiveCfg = Debug|x64
		{B4699AE8-9D9E-B048-BC47-124C0E9BDCCB}.Debug|x64.Build.0 = Debug|x64
		{B4699AE8-9D9E-B048-BC47-124C0E9BDCCB}.DebugOpt|Win32.ActiveCfg = DebugOpt|Win32
		{B4699AE8-9D9E-B048-BC47-124C0E9BDCCB}.DebugOpt|Win32.Build.0 = DebugOpt|Win32
		{B4699AE8-9D9E-B048-BC47-124C0E9BDCCB}.DebugOpt|x64.ActiveCfg = DebugOpt|x64
		{B4699AE8-9D9E-B048-BC47-124C0E9BDCCB}.DebugOpt|x64.Build.0 = DebugOpt|x64
		{B4699AE8-9D9E-B048-BC47-124C0E9BDCCB}.Release|Win32.ActiveCfg = Release|Win32
		{B4699AE8-9D9E-B048-BC47-124C0E9BDCCB}.Release|Win32.Build.0 = Release|Win32
		{B4699AE8-9D9E-B048-BC47-124C0E9BDCCB}.Release|x64.ActiveCfg = Release|x64
		{B4699AE8-9D9E-B048-BC47-124C0E9BDCCB}.Release|x64.Build.0 = Release|x64
		{B4699AE8-9D9E-B048-BC47-124C0E9BDCCB}.Retail|Win32.ActiveCfg = Retail|Win32
		{B4699AE8-9D9E-B048-BC47-124C0E9BDCCB}.Retail|Win32.Build.0 = Retail|Win32
		{B4699AE8-9D9E-B048-BC47-124C0E9BDCCB}.Retail|x64.ActiveCfg = Retail|x64
		{B4699AE8-9D9E-B048-BC47-124C0E9BDCCB}.Retail|x64.Build.0 = Retail|x64
		{419AA1F0-64FF-7949-87A0-66FB183DCF99}.Debug|Win32.ActiveCfg = Debug|Win32
		{419AA1F0-64FF-7949-87A0-66FB183DCF99}.Debug|Win32.Build.0 = Debug|Win32
		{419AA1F0-64FF-7949-87A0-66FB183DCF99}.Debug|x64.ActiveCfg = Debug|x64
		{419AA1F0-64FF-7949-87A0-66FB183DCF99}.Debug|x64.Build.0 = Debug|x64
		{419AA1F0-64FF-7949-87A0-66FB183DCF99}.DebugOpt|Win32.ActiveCfg = DebugOpt|Win32
		{419AA1F0-64FF-7949-87A0-66FB183DCF99}.DebugOpt|Win32.Build.0 = DebugOpt|Win32
		{419AA1F0-64FF-7949-87A0-66FB183DCF99}.DebugOpt|x64.ActiveCfg = DebugOpt|x64
		{419AA1F0-64FF-7949-87A0-66FB183DCF99}.DebugOpt|x64.Build.0 = DebugOpt|x64
		{419AA1F0-64FF-7949-87A0-66FB183DCF99}.Release|Win32.ActiveCfg = Release|Win32
		{419AA1F0-64FF-7949-87A0-66FB183DCF99}.Release|Win32.Build.0 = Release|Win32
		{419AA1F0-64FF-7949-87A0-66FB183DCF99}.Release|x64.ActiveCfg = Release|x64
		{419AA1F0-64FF-7949-87A0-66FB183DCF99}.Release|x64.Build.0 = Release|x64
		{419AA1F0-64FF-7949-87A0-66FB183DCF99}.Retail|Win32.ActiveCfg = Retail|Win32
		{419AA1F0-64FF-7949-87A0-66FB183DCF99}.Retail|Win32.Build.0 = Retail|Win32
		{419AA1F0-64FF-7949-87A0-66FB183DCF99}.Retail|x64.ActiveCfg = Retail|x64
		{419AA1F0-64FF-7949-87A0-66FB183DCF99}.Retail|x64.Build.0 = Retail|x64
		{9166EF22-E6E3-B346-ADCD-AB996B612D54}.Debug|Win32.ActiveCfg = Debug|Win32
		{9166EF22-E6E3-B346-ADCD-AB996B612D54}.Debug|Win32.Build.0 = Debug|Win32
		{9166EF22-E6E3-B346-ADCD-AB996B612D54}.Debug|x64.ActiveCfg = Debug|x64
		{9166EF22-E6E3-B346-ADCD-AB996B612D54}.Debug|x64.Build.0 = Debug|x64
		{9166EF22-E6E3-B346-ADCD-AB996B612D54}.DebugOpt|Win32.ActiveCfg = DebugOpt|Win32
		{9166EF22-E6E3-B346-ADCD-AB996B612D54}.DebugOpt|Win32.Build.0 = DebugOpt|Win32
		{9166EF22-E6E3-B346-ADCD-AB996B612D54}.DebugOpt|x64.ActiveCfg = DebugOpt|x64
		{9166EF22-E6E3-B346-ADCD-AB996B612D54}.DebugOpt|x64.Build.0 = DebugOpt|x64
		{9166EF22-E6E3-B346-ADCD-AB996B612D54}.Release|Win32.ActiveCfg = Release|Win32
		{9166EF22-E6E3-B346-ADCD-AB996B612D54}.Release|Win32.Build.0 = Release|Win32
		{9166EF22-E6E3-B346-ADCD-AB996B612D54}.Release|x64.ActiveCfg = Release|x64
		{9166EF22-E6E3-B346-ADCD-AB996B612D54}.Release|x64.Build.0 = Release|x64
		{9166EF22-E6E3-B346-ADCD-AB996B612D54}.Retail|Win32.ActiveCfg = Retail|Win32
		{9166EF22-E6E3-B346-ADCD-AB996B612D54}.Retail|Win32.Build.0 = Retail|Win32
		{9166EF22-E6E3-B346-ADCD-AB996B612D54}.Retail|x64.ActiveCfg = Retail|x64
		{9166EF22-E6E3-B346-ADCD-AB996B612D54}.Retail|x64.Build.0 = Retail|x64
		{9B79C296-BDC9-FD49-A893-64781231E098}.Debug|Win32.ActiveCfg = Debug|Win32
		{9B79C296-BDC9-FD49-A893-64781231E098}.Debug|Win32.Build.0 = Debug|Win32
		{9B79C296-BDC9-FD49-A893-64781231E098}.Debug|x64.ActiveCfg = Debug|x64
		{9B79C296-BDC9-FD49-A893-64781231E098}.Debug|x64.Build.0 = Debug|x64
		{9B79C296-BDC9-FD49-A893-64781231E098}.DebugOpt|Win32.ActiveCfg = DebugOpt|Win32
		{9B79C296-BDC9-FD49-A893-64781231E098}.DebugOpt|Win32.Build.0 = DebugOpt|Win32
		{9B79C296-BDC9-FD49-A893-64781231E098}.DebugOpt|x64.ActiveCfg = DebugOpt|x64
		{9B79C296-BDC9-FD49-A893-64781231E098}.DebugOpt|x64.Build.0 = DebugOpt|x64
		{9B79C296-BDC9-FD49-A893-64781231E098}.Release|Win32.ActiveCfg = Release|Win32
		{9B79C296-BDC9-FD49-A893-64781231E098}.Release|Win32.Build.0 = Release|Win32
		{9B79C296-BDC9-FD49-A893-64781231E098}.Release|x64.ActiveCfg = Release|x64
		{9B79C296-BDC9-FD49-A893-64781231E098}.Release|x64.Build.0 = Release|x64
		{9B79C296-BDC9-FD49-A893-64781231E098}.Retail|Win32.ActiveCfg = Retail|Win32
		{9B79C296-BDC9-FD49-A893-64781231E098}.Retail|Win32.Build.0 = Retail|Win32
		{9B79C296-BDC9-FD49-A893-64781231E098}.Retail|x64.ActiveCfg = Retail|x64
		{9B79C296-BDC9-FD49-A893-64781231E098}.Retail|x64.Build.0 = Retail|x64
		{84F81498-07BF-E844-A5D8-0CC374BA228D}.Debug|Win32.ActiveCfg = Debug|Win32
		{84F81498-07BF-E844-A5D8-0CC374BA228D}.Debug|Win32.Build.0 = Debug|Win32
		{84F81498-07BF-E844-A5D8-0CC374BA228D}.Debug|x64.ActiveCfg = Debug|x64
		{84F81498-07BF-E844-A5D8-0CC374BA228D}.Debug|x64.Build.0 = Debug|x64
		{84F81498-07BF-E844-A5D8-0CC374BA228D}.DebugOpt|Win32.ActiveCfg = DebugOpt|Win32
		{84F81498-07BF-E844-A5D8-0CC374BA228D}.DebugOpt|Win32.Build.0 = DebugOpt|Win32
		{84F81498-07BF-E844-A5D8-0CC374BA228D}.DebugOpt|x64.ActiveCfg = DebugOpt|x64
		{84F81498-07BF-E844-A5D8-0CC374BA228D}.DebugOpt|x64.Build.0 = DebugOpt|x64
		{84F81498-07BF-E844-A5D8-0CC374BA228D}.Release|Win32.ActiveCfg = Release|Win32
		{84F81498-07BF-E844-A5D8-0CC374BA228D}.Release|Win32.Build.0 = Release|Win32
		{84F81498-07BF-E844-A5D8-0CC374BA228D}.Release|x64.ActiveCfg = Release|x64
		{84F81498-07BF-E844-A5D8-0CC374BA228D}.Release|x64.Build.0 = Release|x64
		{84F81498-07BF-E844-A5D8-0CC374BA228D}.Retail|Win32.ActiveCfg = Retail|Win32
		{84F81498-07BF-E844-A5D8-0CC374BA228D}.Retail|Win32.Build.0 = Retail|Win32
		{84F81498-07BF-E844-A5D8-0CC374BA228D}.Retail|x64.ActiveCfg = Retail|x64
		{84F81498-07BF-E844-A5D8-0CC374BA228D}.Retail|x64.Build.0 = Retail|x64
		{3FD93198-BCB5-1647-B3CE-81058ABC7F8C}.Debug|Win32.ActiveCfg = Debug|Win32
		{3FD93198-BCB5-1647-B3CE-81058ABC7F8C}.Debug|Win32.Build.0 = Debug|Win32
		{3FD93198-BCB5-1647-B3CE-81058ABC7F8C}.Debug|x64.ActiveCfg = Debug|x64
		{3FD93198-BCB5-1647-B3CE-81058ABC7F8C}.Debug|x64.Build.0 = Debug|x64
		{3FD93198-BCB5-1647-B3CE-81058ABC7F8C}.DebugOpt|Win32.ActiveCfg = DebugOpt|Win32
		{3FD93198-BCB5-1647-B3CE-81058ABC7F8C}.DebugOpt|Win32.Build.0 = DebugOpt|Win32
		{3FD93198-BCB5-1647-B3CE-81058ABC7F8C}.DebugOpt|x64.ActiveCfg = DebugOpt|x64
		{3FD93198-BCB5-1647-B3CE-81058ABC7F8C}.DebugOpt|x64.Build.0 = DebugOpt|x64
		{3FD93198-BCB5-1647-B3CE-81058ABC7F8C}.Release|Win32.ActiveCfg = Release|Win32
		{3FD93198-BCB5-1647-B3CE-81058ABC7F8C}.Release|Win32.Build.0 = Release|Win32
		{3FD93198-BCB5-1647-B3CE-81058ABC7F8C}.Release|x64.ActiveCfg = Release|x64
		{3FD93198-BCB5-1647-B3CE-81058ABC7F8C}.Release|x64.Build.0 = Release|x64
		{3FD93198-BCB5-1647-B3CE-81058ABC7F8C}.Retail|Win32.ActiveCfg = Retail|Win32
		{3FD93198-BCB5-1647-B3CE-81058ABC7F8C}.Retail|Win32.Build.0 = Retail|Win32
		{3FD93198-BCB5-1647-B3CE-81058ABC7F8C}.Retail|x64.ActiveCfg = Retail|x64
		{3FD93198-BCB5-1647-B3CE-81058ABC7F8C}.Retail|x64.Build.0 = Retail|x64
		{2FF1C04C-93BC-2A43-AF02-9F34AD99A447}.Debug|Win32.ActiveCfg = Debug|Win32
		{2FF1C04C-93BC-2A43-AF02-9F34AD99A447}.Debug|Win32.Build.0 = Debug|Win32
		{2FF1C04C-93BC-2A43-AF02-9F34AD99A447}.Debug|x64.ActiveCfg = Debug|x64
		{2FF1C04C-93BC-2A43-AF02-9F34AD99A447}.Debug|x64.Build.0 = Debug|x64
		{2FF1C04C-93BC-2A43-AF02-9F34AD99A447}.DebugOpt|Win32.ActiveCfg = DebugOpt|Win32
		{2FF1C04C-93BC-2A43-AF02-9F34AD99A447}.DebugOpt|Win32.Build.0 = DebugOpt|Win32
		{2FF1C04C-93BC-2A43-AF02-9F34AD99A447}.DebugOpt|x64.ActiveCfg = DebugOpt|x64
		{2FF1C04C-93BC-2A43-AF02-9F34AD99A447}.DebugOpt|x64.Build.0 = DebugOpt|x64
		{2FF1C04C-93BC-2A43-AF02-9F34AD99A447}.Release|Win32.ActiveCfg = Release|Win32
		{2FF1C04C-93BC-2A43-AF02-9F34AD99A447}.Release|Win32.Build.0 = Release|Win32
		{2FF1C04C-93BC-2A43-AF02-9F34AD99A447}.Release|x64.ActiveCfg = Release|x64
		{2FF1C04C-93BC-2A43-AF02-9F34AD99A447}.Release|x64.Build.0 = Release|x64
		{2FF1C04C-93BC-2A43-AF02-9F34AD99A447}.Retail|Win32.ActiveCfg = Retail|Win32
		{2FF1C04C-93BC-2A43-AF02-9F34AD99A447}.Retail|Win32.Build.0 = Retail|Win32
		{2FF1C04C-93BC-2A43-AF02-9F34AD99A447}.Retail|x64.ActiveCfg = Retail|x64
		{2FF1C04C-93BC-2A43-AF02-9F34AD99A447}.Retail|x64.Build.0 = Retail|x64
		{F38A8229-0C69-D740-BBDD-5D93C1E1B3A5}.Debug|Win32.ActiveCfg = Debug|Win32
		{F38A8229-0C69-D740-BBDD-5D93C1E1B3A5}.Debug|Win32.Build.0 = Debug|Win32
		{F38A8229-0C69-D740-BBDD-5D93C1E1B3A5}.Debug|x64.ActiveCfg = Debug|x64
		{F38A8229-0C69-D740-BBDD-5D93C1E1B3A5}.Debug|x64.Build.0 = Debug|x64
		{F38A8229-0C69-D740-BBDD-5D93C1E1B3A5}.DebugOpt|Win32.ActiveCfg = DebugOpt|Win32
		{F38A8229-0C69-D740-BBDD-5D93C1E1B3A5}.DebugOpt|Win32.Build.0 = DebugOpt|Win32
		{F38A8229-0C69-D740-BBDD-5D93C1E1B3A5}.DebugOpt|x64.ActiveCfg = DebugOpt|x64
		{F38A8229-0C69-D740-BBDD-5D93C1E1B3A5}.DebugOpt|x64.Build.0 = DebugOpt|x64
		{F38A8229-0C69-D740-BBDD-5D93C1E1B3A5}.Release|Win32.ActiveCfg = Release|Win32
		{F38A8229-0C69-D740-BBDD-5D93C1E1B3A5}.Release|Win32.Build.0 = Release|Win32
		{F38A8229-0C69-D740-BBDD-5D93C1E1B3A5}.Release|x64.ActiveCfg = Release|x64
		{F38A8229-0C69-D740-BBDD-5D93C1E1B3A5}.Release|x64.Build.0 = Release|x64
		{F38A8229-0C69-D740-BBDD-5D93C1E1B3A5}.Retail|Win32.ActiveCfg = Retail|Win32
		{F38A8229-0C69-D740-BBDD-5D93C1E1B3A5}.Retail|Win32.Build.0 = Retail|Win32
		{F38A8229-0C69-D740-BBDD-5D93C1E1B3A5}.Retail|x64.ActiveCfg = Retail|x64
		{F38A8229-0C69-D740-BBDD-5D93C1E1B3A5}.Retail|x64.Build.0 = Retail|x64
	EndGlobalSection
	GlobalSection(SolutionProperties) = preSolution
		HideSolutionNode = FALSE
	EndGlobalSection
EndGlobal
