Microsoft Visual Studio Solution File, Format Version 11.00
# Visual C++ Express 2010
Project("{8BC9CEB8-8B4A-11D0-8D11-00A0C91BC942}") = "Fuji_PC", "..\Fuji_PC.vcxproj", "{E91A06AB-9465-4300-9C3E-15A5275E22FE}"
EndProject
Project("{8BC9CEB8-8B4A-11D0-8D11-00A0C91BC942}") = "HelloWorld", "HelloWorld\HelloWorld.vcxproj", "{DE54E5B0-4A8B-4049-8A14-0A5E9FA4CCD5}"
EndProject
Project("{8BC9CEB8-8B4A-11D0-8D11-00A0C91BC942}") = "InputTest", "InputTest\InputTest.vcxproj", "{21E3EDF4-2ED6-0047-B142-4821D3C32CEB}"
EndProject
Project("{8BC9CEB8-8B4A-11D0-8D11-00A0C91BC942}") = "3DBox", "3DBox\3DBox.vcxproj", "{FB0B1210-0C32-9A41-A64F-6EED7EA4F857}"
EndProject
Project("{8BC9CEB8-8B4A-11D0-8D11-00A0C91BC942}") = "ModelTest", "ModelTest\ModelTest.vcxproj", "{54D413F9-03F0-CA4E-BCB1-5C645731B352}"
EndProject
Project("{8BC9CEB8-8B4A-11D0-8D11-00A0C91BC942}") = "Compute", "Compute\Compute.vcxproj", "{1722DEF6-ED5C-E24A-A67D-A1DD8DD57A13}"
EndProject
Project("{8BC9CEB8-8B4A-11D0-8D11-00A0C91BC942}") = "json", "..\Middleware\libjson\json.vcxproj", "{BC07F013-4F48-4D4B-A447-4FC5ECAB5E47}"
EndProject
Project("{8BC9CEB8-8B4A-11D0-8D11-00A0C91BC942}") = "mad", "..\Middleware\libmad\mad.vcxproj", "{A1167BEF-5656-7F43-A2D6-E11A74977425}"
EndProject
Global
	GlobalSection(SolutionConfigurationPlatforms) = preSolution
		Debug|Win32 = Debug|Win32
		DebugOpt|Win32 = DebugOpt|Win32
		Release|Win32 = Release|Win32
		Retail|Win32 = Retail|Win32
	EndGlobalSection
	GlobalSection(ProjectConfigurationPlatforms) = postSolution
		{E91A06AB-9465-4300-9C3E-15A5275E22FE}.Debug|Win32.ActiveCfg = Debug|Win32
		{E91A06AB-9465-4300-9C3E-15A5275E22FE}.Debug|Win32.Build.0 = Debug|Win32
		{E91A06AB-9465-4300-9C3E-15A5275E22FE}.DebugOpt|Win32.ActiveCfg = Debug|Win32
		{E91A06AB-9465-4300-9C3E-15A5275E22FE}.DebugOpt|Win32.Build.0 = Debug|Win32
		{E91A06AB-9465-4300-9C3E-15A5275E22FE}.Release|Win32.ActiveCfg = Release|Win32
		{E91A06AB-9465-4300-9C3E-15A5275E22FE}.Release|Win32.Build.0 = Release|Win32
		{E91A06AB-9465-4300-9C3E-15A5275E22FE}.Retail|Win32.ActiveCfg = Retail|Win32
		{E91A06AB-9465-4300-9C3E-15A5275E22FE}.Retail|Win32.Build.0 = Retail|Win32
		{DE54E5B0-4A8B-4049-8A14-0A5E9FA4CCD5}.Debug|Win32.ActiveCfg = Debug|Win32
		{DE54E5B0-4A8B-4049-8A14-0A5E9FA4CCD5}.Debug|Win32.Build.0 = Debug|Win32
		{DE54E5B0-4A8B-4049-8A14-0A5E9FA4CCD5}.DebugOpt|Win32.ActiveCfg = DebugOpt|Win32
		{DE54E5B0-4A8B-4049-8A14-0A5E9FA4CCD5}.DebugOpt|Win32.Build.0 = DebugOpt|Win32
		{DE54E5B0-4A8B-4049-8A14-0A5E9FA4CCD5}.Release|Win32.ActiveCfg = Release|Win32
		{DE54E5B0-4A8B-4049-8A14-0A5E9FA4CCD5}.Release|Win32.Build.0 = Release|Win32
		{DE54E5B0-4A8B-4049-8A14-0A5E9FA4CCD5}.Retail|Win32.ActiveCfg = Release|Win32
		{DE54E5B0-4A8B-4049-8A14-0A5E9FA4CCD5}.Retail|Win32.Build.0 = Release|Win32
		{21E3EDF4-2ED6-0047-B142-4821D3C32CEB}.Debug|Win32.ActiveCfg = Debug|Win32
		{21E3EDF4-2ED6-0047-B142-4821D3C32CEB}.Debug|Win32.Build.0 = Debug|Win32
		{21E3EDF4-2ED6-0047-B142-4821D3C32CEB}.DebugOpt|Win32.ActiveCfg = DebugOpt|Win32
		{21E3EDF4-2ED6-0047-B142-4821D3C32CEB}.DebugOpt|Win32.Build.0 = DebugOpt|Win32
		{21E3EDF4-2ED6-0047-B142-4821D3C32CEB}.Release|Win32.ActiveCfg = Release|Win32
		{21E3EDF4-2ED6-0047-B142-4821D3C32CEB}.Release|Win32.Build.0 = Release|Win32
		{21E3EDF4-2ED6-0047-B142-4821D3C32CEB}.Retail|Win32.ActiveCfg = Release|Win32
		{21E3EDF4-2ED6-0047-B142-4821D3C32CEB}.Retail|Win32.Build.0 = Release|Win32
		{FB0B1210-0C32-9A41-A64F-6EED7EA4F857}.Debug|Win32.ActiveCfg = Debug|Win32
		{FB0B1210-0C32-9A41-A64F-6EED7EA4F857}.Debug|Win32.Build.0 = Debug|Win32
		{FB0B1210-0C32-9A41-A64F-6EED7EA4F857}.DebugOpt|Win32.ActiveCfg = DebugOpt|Win32
		{FB0B1210-0C32-9A41-A64F-6EED7EA4F857}.DebugOpt|Win32.Build.0 = DebugOpt|Win32
		{FB0B1210-0C32-9A41-A64F-6EED7EA4F857}.Release|Win32.ActiveCfg = Release|Win32
		{FB0B1210-0C32-9A41-A64F-6EED7EA4F857}.Release|Win32.Build.0 = Release|Win32
		{FB0B1210-0C32-9A41-A64F-6EED7EA4F857}.Retail|Win32.ActiveCfg = Release|Win32
		{FB0B1210-0C32-9A41-A64F-6EED7EA4F857}.Retail|Win32.Build.0 = Release|Win32
		{54D413F9-03F0-CA4E-BCB1-5C645731B352}.Debug|Win32.ActiveCfg = Debug|Win32
		{54D413F9-03F0-CA4E-BCB1-5C645731B352}.Debug|Win32.Build.0 = Debug|Win32
		{54D413F9-03F0-CA4E-BCB1-5C645731B352}.DebugOpt|Win32.ActiveCfg = DebugOpt|Win32
		{54D413F9-03F0-CA4E-BCB1-5C645731B352}.DebugOpt|Win32.Build.0 = DebugOpt|Win32
		{54D413F9-03F0-CA4E-BCB1-5C645731B352}.Release|Win32.ActiveCfg = Release|Win32
		{54D413F9-03F0-CA4E-BCB1-5C645731B352}.Release|Win32.Build.0 = Release|Win32
		{54D413F9-03F0-CA4E-BCB1-5C645731B352}.Retail|Win32.ActiveCfg = Release|Win32
		{54D413F9-03F0-CA4E-BCB1-5C645731B352}.Retail|Win32.Build.0 = Release|Win32
		{1722DEF6-ED5C-E24A-A67D-A1DD8DD57A13}.Debug|Win32.ActiveCfg = Debug|Win32
		{1722DEF6-ED5C-E24A-A67D-A1DD8DD57A13}.Debug|Win32.Build.0 = Debug|Win32
		{1722DEF6-ED5C-E24A-A67D-A1DD8DD57A13}.DebugOpt|Win32.ActiveCfg = DebugOpt|Win32
		{1722DEF6-ED5C-E24A-A67D-A1DD8DD57A13}.DebugOpt|Win32.Build.0 = DebugOpt|Win32
		{1722DEF6-ED5C-E24A-A67D-A1DD8DD57A13}.Release|Win32.ActiveCfg = Release|Win32
		{1722DEF6-ED5C-E24A-A67D-A1DD8DD57A13}.Release|Win32.Build.0 = Release|Win32
		{1722DEF6-ED5C-E24A-A67D-A1DD8DD57A13}.Retail|Win32.ActiveCfg = Release|Win32
		{1722DEF6-ED5C-E24A-A67D-A1DD8DD57A13}.Retail|Win32.Build.0 = Release|Win32
		{BC07F013-4F48-4D4B-A447-4FC5ECAB5E47}.Debug|Win32.ActiveCfg = Debug|Win32
		{BC07F013-4F48-4D4B-A447-4FC5ECAB5E47}.Debug|Win32.Build.0 = Debug|Win32
		{BC07F013-4F48-4D4B-A447-4FC5ECAB5E47}.DebugOpt|Win32.ActiveCfg = DebugOpt|Win32
		{BC07F013-4F48-4D4B-A447-4FC5ECAB5E47}.DebugOpt|Win32.Build.0 = DebugOpt|Win32
		{BC07F013-4F48-4D4B-A447-4FC5ECAB5E47}.Release|Win32.ActiveCfg = Release|Win32
		{BC07F013-4F48-4D4B-A447-4FC5ECAB5E47}.Release|Win32.Build.0 = Release|Win32
		{BC07F013-4F48-4D4B-A447-4FC5ECAB5E47}.Retail|Win32.ActiveCfg = Retail|Win32
		{BC07F013-4F48-4D4B-A447-4FC5ECAB5E47}.Retail|Win32.Build.0 = Retail|Win32
		{A1167BEF-5656-7F43-A2D6-E11A74977425}.Debug|Win32.ActiveCfg = Debug|Win32
		{A1167BEF-5656-7F43-A2D6-E11A74977425}.Debug|Win32.Build.0 = Debug|Win32
		{A1167BEF-5656-7F43-A2D6-E11A74977425}.DebugOpt|Win32.ActiveCfg = DebugOpt|Win32
		{A1167BEF-5656-7F43-A2D6-E11A74977425}.DebugOpt|Win32.Build.0 = DebugOpt|Win32
		{A1167BEF-5656-7F43-A2D6-E11A74977425}.Release|Win32.ActiveCfg = Release|Win32
		{A1167BEF-5656-7F43-A2D6-E11A74977425}.Release|Win32.Build.0 = Release|Win32
		{A1167BEF-5656-7F43-A2D6-E11A74977425}.Retail|Win32.ActiveCfg = Retail|Win32
		{A1167BEF-5656-7F43-A2D6-E11A74977425}.Retail|Win32.Build.0 = Retail|Win32
	EndGlobalSection
	GlobalSection(SolutionProperties) = preSolution
		HideSolutionNode = FALSE
	EndGlobalSection
EndGlobal
